
Microsoft Visual Studio Solution File, Format Version 12.00
# Visual Studio Version 17
VisualStudioVersion = 17.4.33213.308
MinimumVisualStudioVersion = 10.0.40219.1
Project("{9A19103F-16F7-4668-BE54-9A1E7A4F7556}") = "Two Number Sum", "Two Number Sum\Two Number Sum.csproj", "{98676697-313D-44B3-88DE-8E5E5D38F3B1}"
EndProject
Project("{9A19103F-16F7-4668-BE54-9A1E7A4F7556}") = "Validate Subsequence", "Validate Subsequence\Validate Subsequence.csproj", "{6EC51007-047E-471B-B493-387135C3ECF5}"
EndProject
Project("{9A19103F-16F7-4668-BE54-9A1E7A4F7556}") = "Sorted Squared Array", "Sorted Squared Array\Sorted Squared Array.csproj", "{7B6B66F7-3477-451B-ABA7-C7E1B97B3C92}"
EndProject
Project("{9A19103F-16F7-4668-BE54-9A1E7A4F7556}") = "Tournament Winner", "Tournament Winner\Tournament Winner.csproj", "{746EA16B-D6BA-43B1-A063-F998B420B9CF}"
EndProject
Project("{9A19103F-16F7-4668-BE54-9A1E7A4F7556}") = "Non-Constructible Change", "Non-Constructible Change\Non-Constructible Change.csproj", "{641CA455-8580-4E64-A802-688FDDED7083}"
EndProject
Project("{9A19103F-16F7-4668-BE54-9A1E7A4F7556}") = "Transpose Matrix", "Transpose Matrix\Transpose Matrix.csproj", "{7D988C6C-6952-4A04-9729-4CBEDD249455}"
EndProject
Project("{9A19103F-16F7-4668-BE54-9A1E7A4F7556}") = "Caesar Cipher Encryptor", "Caesar Cipher Encryptor\Caesar Cipher Encryptor.csproj", "{E74D8FE4-628C-45CF-A294-B0E801D82DD9}"
EndProject
Project("{9A19103F-16F7-4668-BE54-9A1E7A4F7556}") = "Palindrome Check", "Palindrome Check\Palindrome Check.csproj", "{AC00B2E9-0DF5-4122-8225-EF26A468721F}"
EndProject
Project("{9A19103F-16F7-4668-BE54-9A1E7A4F7556}") = "Run-Length Encoding", "Run-Length Encoding\Run-Length Encoding.csproj", "{FF10F563-E4FB-4F31-8249-827D70A3474B}"
EndProject
Project("{9A19103F-16F7-4668-BE54-9A1E7A4F7556}") = "Common Characters", "Common Characters\Common Characters.csproj", "{6A7C89EC-77FB-4A86-AD9B-33B04C015351}"
EndProject
Project("{9A19103F-16F7-4668-BE54-9A1E7A4F7556}") = "Generate Document", "Generate Document\Generate Document.csproj", "{6568C198-BF08-4729-9963-9645E299E7F9}"
EndProject
Project("{9A19103F-16F7-4668-BE54-9A1E7A4F7556}") = "First Non-Repeating Character", "First Non-Repeating Character\First Non-Repeating Character.csproj", "{19992BF4-9FAC-48DC-B6D8-34AB650B1D55}"
EndProject
Project("{9A19103F-16F7-4668-BE54-9A1E7A4F7556}") = "Semordnilap", "Semordnilap\Semordnilap.csproj", "{5BF3A548-C0FC-427E-8553-500F915BAF45}"
EndProject
Project("{9A19103F-16F7-4668-BE54-9A1E7A4F7556}") = "Remove Duplicates From Linked List", "Remove Duplicates From Linked List\Remove Duplicates From Linked List.csproj", "{D8AE6368-0B59-4707-A290-6ADC078F19A1}"
EndProject
Project("{9A19103F-16F7-4668-BE54-9A1E7A4F7556}") = "Middle Node", "Middle Node\Middle Node.csproj", "{89D5BAF8-CB29-459A-9323-CBE91326D6D7}"
EndProject
Project("{9A19103F-16F7-4668-BE54-9A1E7A4F7556}") = "Nth Fibonacci", "Nth Fibonacci\Nth Fibonacci.csproj", "{5548D778-9B56-42C6-8054-0D96A22B5856}"
EndProject
Project("{9A19103F-16F7-4668-BE54-9A1E7A4F7556}") = "Product Sum", "Product Sum\Product Sum.csproj", "{5E0AC36B-350D-4B25-B9E0-3963E9E4F2F7}"
EndProject
Project("{9A19103F-16F7-4668-BE54-9A1E7A4F7556}") = "Binary Search", "Binary Search\Binary Search.csproj", "{54FC672B-CC83-4787-AC04-6E7C431E1C51}"
EndProject
Project("{9A19103F-16F7-4668-BE54-9A1E7A4F7556}") = "Bubble Sort", "Bubble Sort\Bubble Sort.csproj", "{9EE228F9-922C-400D-B87A-FBBA3D4B9959}"
EndProject
Project("{9A19103F-16F7-4668-BE54-9A1E7A4F7556}") = "Insertion Sort", "Insertion Sort\Insertion Sort.csproj", "{083E92AD-C0F6-4A97-BFB9-399BE9F1D220}"
EndProject
Project("{9A19103F-16F7-4668-BE54-9A1E7A4F7556}") = "Selection Sort", "Selection Sort\Selection Sort.csproj", "{337576A0-BC5B-4CC0-8550-DFF625F4E443}"
EndProject
Project("{9A19103F-16F7-4668-BE54-9A1E7A4F7556}") = "Find Three Largest Numbers", "Find Three Largest Numbers\Find Three Largest Numbers.csproj", "{BA5064FB-272F-405E-A457-C7BA1CD40BEB}"
EndProject
Project("{9A19103F-16F7-4668-BE54-9A1E7A4F7556}") = "Find Closest Value In BST", "Find Closest Value In BST\Find Closest Value In BST.csproj", "{D4E5227D-AADE-4553-8116-55B5648055C8}"
EndProject
Project("{9A19103F-16F7-4668-BE54-9A1E7A4F7556}") = "Branch Sums", "Branch Sums\Branch Sums.csproj", "{7DAAB984-33D2-4029-AADA-8D9B84D52E18}"
EndProject
Project("{9A19103F-16F7-4668-BE54-9A1E7A4F7556}") = "Node Depths", "Node Depths\Node Depths.csproj", "{E9030245-79C4-4629-AAA7-D66788679ED0}"
EndProject
Project("{9A19103F-16F7-4668-BE54-9A1E7A4F7556}") = "Evaluate Expression Tree", "Evaluate Expression Tree\Evaluate Expression Tree.csproj", "{04D237A8-B075-4B26-9D66-9E57E38A7686}"
EndProject
Project("{9A19103F-16F7-4668-BE54-9A1E7A4F7556}") = "Minimum Waiting Time", "Minimum Waiting Time\Minimum Waiting Time.csproj", "{41E0631D-4A83-405B-856A-C6C3776DCF75}"
EndProject
Project("{9A19103F-16F7-4668-BE54-9A1E7A4F7556}") = "Class Photos", "Class Photos\Class Photos.csproj", "{4978F705-ED58-4A8B-9A5A-5A1586D1F351}"
EndProject
Project("{9A19103F-16F7-4668-BE54-9A1E7A4F7556}") = "Tandem Bicycle", "Tandem Bicycle\Tandem Bicycle.csproj", "{35263CB4-0E6D-406B-AB8F-4F0FFEF3C8C5}"
EndProject
Project("{9A19103F-16F7-4668-BE54-9A1E7A4F7556}") = "Optimal Freelancing", "Optimal Freelancing\Optimal Freelancing.csproj", "{3B0BD7BD-FFB8-4656-89BB-D2DAFF2E3DEC}"
EndProject
Project("{9A19103F-16F7-4668-BE54-9A1E7A4F7556}") = "Depth-first Search", "Depth-first Search\Depth-first Search.csproj", "{4554DAA3-68C4-45A6-B808-AF715C80EA95}"
EndProject
Project("{9A19103F-16F7-4668-BE54-9A1E7A4F7556}") = "Breadth-first Search", "Breadth-first Search\Breadth-first Search.csproj", "{2CA2F77B-9F9C-4B96-ADAF-41B675218DDF}"
EndProject
Project("{9A19103F-16F7-4668-BE54-9A1E7A4F7556}") = "Merge Sort", "Merge Sort\Merge Sort.csproj", "{07462100-2554-4B72-91D8-92345CF83160}"
EndProject
Project("{9A19103F-16F7-4668-BE54-9A1E7A4F7556}") = "Quick Sort", "Quick Sort\Quick Sort.csproj", "{FDDF1E49-4550-43B1-B2AC-E0AE4B745E04}"
EndProject
Project("{9A19103F-16F7-4668-BE54-9A1E7A4F7556}") = "Three Number Sum", "Three Number Sum\Three Number Sum.csproj", "{33B22E2A-EDD8-47FC-A803-217DD20AAB9D}"
EndProject
Project("{9A19103F-16F7-4668-BE54-9A1E7A4F7556}") = "Smallest Difference", "Smallest Difference\Smallest Difference.csproj", "{CE9DE14A-0355-4C12-A240-DF258708D7E4}"
EndProject
Project("{9A19103F-16F7-4668-BE54-9A1E7A4F7556}") = "Move Element To End", "Move Element To End\Move Element To End.csproj", "{CDD3CB89-92D0-443D-8532-E38B1DEBE5C8}"
EndProject
Project("{9A19103F-16F7-4668-BE54-9A1E7A4F7556}") = "Three Number Sort", "Three Number Sort\Three Number Sort.csproj", "{1831238B-50C4-4A30-8927-82A276491576}"
EndProject
Project("{9A19103F-16F7-4668-BE54-9A1E7A4F7556}") = "Monotonic Array", "Monotonic Array\Monotonic Array.csproj", "{CB2EC0CA-3168-4B48-9439-2A6C994DDD48}"
EndProject
Project("{9A19103F-16F7-4668-BE54-9A1E7A4F7556}") = "Spiral Traverse", "Spiral Traverse\Spiral Traverse.csproj", "{513CB48A-5BF0-4667-B0D2-1855AB8ECC6B}"
EndProject
Project("{9A19103F-16F7-4668-BE54-9A1E7A4F7556}") = "Longest Peak", "longest Peak\Longest Peak.csproj", "{460E6608-44F6-49CA-9330-5DC9D4664263}"
EndProject
Project("{9A19103F-16F7-4668-BE54-9A1E7A4F7556}") = "Array Of Products", "Array Of Products\Array Of Products.csproj", "{841C47A8-53A6-4523-9F44-6350AA6A8F66}"
EndProject
Project("{9A19103F-16F7-4668-BE54-9A1E7A4F7556}") = "First Duplicate Value", "First Duplicate Value\First Duplicate Value.csproj", "{8796063F-8E71-4765-B41A-3B24B21EBDB3}"
EndProject
Project("{9A19103F-16F7-4668-BE54-9A1E7A4F7556}") = "Merge Overlapping Intervals", "Merge Overlapping Intervals\Merge Overlapping Intervals.csproj", "{11354B4F-A089-47D8-8330-8250294A45C9}"
EndProject
Project("{9A19103F-16F7-4668-BE54-9A1E7A4F7556}") = "Beat Seat", "Beat Seat\Beat Seat.csproj", "{D1011F6A-C723-466C-B736-2E3D3183A126}"
EndProject
Project("{9A19103F-16F7-4668-BE54-9A1E7A4F7556}") = "Zero Sum Subarray", "Zero Sum Subarray\Zero Sum Subarray.csproj", "{48A55E60-1E8C-45E2-A156-11AA0A98297A}"
EndProject
Project("{9A19103F-16F7-4668-BE54-9A1E7A4F7556}") = "Missing Numbers", "Missing Numbers\Missing Numbers.csproj", "{A56D1566-8AEA-440B-BBD5-A319D9CC2766}"
EndProject
Project("{9A19103F-16F7-4668-BE54-9A1E7A4F7556}") = "Majority Element", "Majority Element\Majority Element.csproj", "{100D74DD-4A07-4623-95D6-1CFC7ACF4F8F}"
EndProject
Project("{9A19103F-16F7-4668-BE54-9A1E7A4F7556}") = "Sweet And Savory", "Sweet And Savory\Sweet And Savory.csproj", "{18133277-892D-4E94-B9A0-E9B9B5B39BAA}"
EndProject
Project("{9A19103F-16F7-4668-BE54-9A1E7A4F7556}") = "Longest Palindromic Substring", "Longest Palindromic Substring\Longest Palindromic Substring.csproj", "{949D519F-6E0B-42DB-9727-CCB215DA4E6C}"
EndProject
Project("{9A19103F-16F7-4668-BE54-9A1E7A4F7556}") = "Group Anagrams", "Group Anagrams\Group Anagrams.csproj", "{F3065973-E75C-43B5-983E-41B53AF191A2}"
EndProject
Project("{9A19103F-16F7-4668-BE54-9A1E7A4F7556}") = "Valid IP Addresses", "Valid IP Addresses\Valid IP Addresses.csproj", "{39D733D2-26A9-4572-A83E-DA815F213659}"
EndProject
Project("{9A19103F-16F7-4668-BE54-9A1E7A4F7556}") = "Reverse Words In String", "Reverse Words In String\Reverse Words In String.csproj", "{3C6A594E-6AAE-43CE-9072-74DCB3C7AE73}"
EndProject
Project("{9A19103F-16F7-4668-BE54-9A1E7A4F7556}") = "Minimum Characters For Words", "Minimum Characters For Words\Minimum Characters For Words.csproj", "{6A005880-547B-4D8A-A139-8F8289474AC6}"
EndProject
Project("{9A19103F-16F7-4668-BE54-9A1E7A4F7556}") = "One Edit", "One Edit\One Edit.csproj", "{6A2E3B95-C09C-45A0-8252-DF46F1FE7594}"
EndProject
Project("{9A19103F-16F7-4668-BE54-9A1E7A4F7556}") = "Search In Sorted Matrix", "Search In Sorted Matrix\Search In Sorted Matrix.csproj", "{FB12B54C-C9C8-4E3A-86D0-2DD9C8B26E86}"
EndProject
Project("{9A19103F-16F7-4668-BE54-9A1E7A4F7556}") = "Permutations", "Permutations\Permutations.csproj", "{69514DFF-2413-443A-AC82-1141E46CFA9B}"
EndProject
Project("{9A19103F-16F7-4668-BE54-9A1E7A4F7556}") = "Powerset", "Powerset\Powerset.csproj", "{E8EEF89D-F13B-41C6-9919-FFA2BE570E8D}"
EndProject
Project("{9A19103F-16F7-4668-BE54-9A1E7A4F7556}") = "Phone Number Mnemonics", "Phone Number Mnemonics\Phone Number Mnemonics.csproj", "{E0C8EEA7-0B71-4A77-A4B5-CB33535035A0}"
EndProject
Project("{9A19103F-16F7-4668-BE54-9A1E7A4F7556}") = "StaircaseTraversal", "StaircaseTraversal\StaircaseTraversal.csproj", "{122BD105-532F-4EAA-9CAD-50AC7AD5B03E}"
EndProject
Project("{9A19103F-16F7-4668-BE54-9A1E7A4F7556}") = "Blackjack Probability", "Blackjack Probability\Blackjack Probability.csproj", "{B739D35D-3559-468E-A1F7-964A71C18C0A}"
EndProject
Project("{9A19103F-16F7-4668-BE54-9A1E7A4F7556}") = "Reveal Minesweeper", "Reveal Minesweeper\Reveal Minesweeper.csproj", "{25ECBB33-A6E3-4B7E-835D-C6CE9C4AC5A2}"
EndProject
Project("{9A19103F-16F7-4668-BE54-9A1E7A4F7556}") = "Linked List Construction", "Linked List Construction\Linked List Construction.csproj", "{30675D91-A1B9-484B-82F6-D6D5A8F0BE44}"
EndProject
Project("{9A19103F-16F7-4668-BE54-9A1E7A4F7556}") = "Remove Kth Node From End", "Remove Kth Node From End\Remove Kth Node From End.csproj", "{8DD9E383-EAF9-4BE5-AD02-1A896B69897B}"
EndProject
Project("{9A19103F-16F7-4668-BE54-9A1E7A4F7556}") = "Sum Of Linked Lists", "Sum Of Linked Lists\Sum Of Linked Lists.csproj", "{C430A863-51A5-4009-A15F-B986A89C159B}"
EndProject
Project("{9A19103F-16F7-4668-BE54-9A1E7A4F7556}") = "Merging Linked Lists", "Merging Linked Lists\Merging Linked Lists.csproj", "{F829D3E2-2C2D-482D-ABE8-D15429622DF7}"
EndProject
Project("{9A19103F-16F7-4668-BE54-9A1E7A4F7556}") = "Min Max Stack Construction", "Min Max Stack Construction\Min Max Stack Construction.csproj", "{B887579E-2924-498E-AFBD-23E298757D1D}"
EndProject
Project("{9A19103F-16F7-4668-BE54-9A1E7A4F7556}") = "Balanced Brackets", "Balanced Brackets\Balanced Brackets.csproj", "{F796EE37-9E36-4185-8FE6-A247DB90B9CC}"
EndProject
Project("{9A19103F-16F7-4668-BE54-9A1E7A4F7556}") = "Sunset Views", "Sunset Views\Sunset Views.csproj", "{537A144A-6858-4E78-9A9D-271EDC48F8F9}"
EndProject
Project("{9A19103F-16F7-4668-BE54-9A1E7A4F7556}") = "Best Digits", "Best Digits\Best Digits.csproj", "{9CA706E7-C0EE-4D75-A92E-C57F66C32C3B}"
EndProject
Project("{9A19103F-16F7-4668-BE54-9A1E7A4F7556}") = "Sort Stack", "Sort Stack\Sort Stack.csproj", "{BAA422B3-45E7-4C8B-B1B4-DFEA4B639F99}"
EndProject
Project("{9A19103F-16F7-4668-BE54-9A1E7A4F7556}") = "Next Greater Element", "Next Greater Element\Next Greater Element.csproj", "{686B277D-0B3D-4D7C-ADF9-F9CC3FC2CC3A}"
EndProject
Project("{9A19103F-16F7-4668-BE54-9A1E7A4F7556}") = "Reverse Polish Notation", "Reverse Polish Notation\Reverse Polish Notation.csproj", "{532EF06E-452F-460E-80FE-F0B434F8B6C6}"
EndProject
Project("{9A19103F-16F7-4668-BE54-9A1E7A4F7556}") = "Colliding Asteroids", "Colliding Asteroids\Colliding Asteroids.csproj", "{FF4F59DC-B5C9-43ED-A6A3-AAF84FF2ACE8}"
EndProject
Project("{9A19103F-16F7-4668-BE54-9A1E7A4F7556}") = "Max Subset Sum No Adjacent", "Max Subset Sum No Adjacent\Max Subset Sum No Adjacent.csproj", "{2678C81B-70CE-4A53-94BB-B4F0B8C75CA9}"
EndProject
Project("{9A19103F-16F7-4668-BE54-9A1E7A4F7556}") = "Number Of Ways To Make Change", "Number Of Ways To Make Change\Number Of Ways To Make Change.csproj", "{EFE5C638-7503-4B19-B78C-C218501CDD0C}"
EndProject
Project("{9A19103F-16F7-4668-BE54-9A1E7A4F7556}") = "Min Number Of Coins For Change", "Min Number Of Coins For Change\Min Number Of Coins For Change.csproj", "{F0638121-33F8-41C4-A70F-A0E27C7840EC}"
EndProject
Project("{9A19103F-16F7-4668-BE54-9A1E7A4F7556}") = "Invert Binary Tree", "Invert Binary Tree\Invert Binary Tree.csproj", "{C087267E-B3A7-40B0-862B-7B7FD48BFBF5}"
EndProject
Project("{9A19103F-16F7-4668-BE54-9A1E7A4F7556}") = "Binary Tree Diameter", "Binary Tree Diameter\Binary Tree Diameter.csproj", "{71BF2047-C8D3-4CA5-90B2-71F5644CAA63}"
EndProject
Project("{9A19103F-16F7-4668-BE54-9A1E7A4F7556}") = "Find Successor", "Find Successor\Find Successor.csproj", "{7B356AD2-1F15-43D7-AFB1-D4E1A5C850DF}"
EndProject
Project("{9A19103F-16F7-4668-BE54-9A1E7A4F7556}") = "Height Balanced Binary Tree", "Height Balanced Binary Tree\Height Balanced Binary Tree.csproj", "{5C4E6B81-9AFD-4969-A225-85CBB7DF60C9}"
EndProject
Project("{9A19103F-16F7-4668-BE54-9A1E7A4F7556}") = "Merge Binary Trees", "Merge Binary Trees\Merge Binary Trees.csproj", "{DA7787EC-ECBD-465D-AA12-779496034F36}"
EndProject
Project("{9A19103F-16F7-4668-BE54-9A1E7A4F7556}") = "Symmetrical Tree", "Symmetrical Tree\Symmetrical Tree.csproj", "{C332A5F1-DE4E-4BE0-BE16-FEC3E574E0B6}"
EndProject
Project("{9A19103F-16F7-4668-BE54-9A1E7A4F7556}") = "Levenshtein Distance", "Levenshtein Distance\Levenshtein Distance.csproj", "{A7596B52-4495-46B4-97C6-956F0D38D7A7}"
EndProject
Project("{9A19103F-16F7-4668-BE54-9A1E7A4F7556}") = "Number Of Ways To Traverse Graph", "Number Of Ways To Traverse Graph\Number Of Ways To Traverse Graph.csproj", "{2B854DDF-732B-4DEC-9C7C-6298DCD95402}"
EndProject
Project("{9A19103F-16F7-4668-BE54-9A1E7A4F7556}") = "BST Construction", "BST Construction\BST Construction.csproj", "{A7B35708-21DC-48FC-93DB-47A3243FA2EE}"
EndProject
Project("{9A19103F-16F7-4668-BE54-9A1E7A4F7556}") = "Single Cycle Check", "Single Cycle Check\Single Cycle Check.csproj", "{61CAC9E5-B298-41B3-8507-85A6FAE3FC27}"
EndProject
Project("{9A19103F-16F7-4668-BE54-9A1E7A4F7556}") = "Validate BST", "Validate BST\Validate BST.csproj", "{EC4C3AFE-E0FA-44C0-BC4A-FFC82419C684}"
EndProject
Project("{9A19103F-16F7-4668-BE54-9A1E7A4F7556}") = "BST Traversal", "BST Traversal\BST Traversal.csproj", "{F3C30942-2277-4A52-A0E7-F7528F2AFDCB}"
EndProject
Project("{9A19103F-16F7-4668-BE54-9A1E7A4F7556}") = "Min Height BST", "Min Height BST\Min Height BST.csproj", "{60AA51D9-3B0F-4A22-8E8C-5513EB5AF10A}"
EndProject
Project("{9A19103F-16F7-4668-BE54-9A1E7A4F7556}") = "Find Kth Largest Value In BST", "Find Kth Largest Value In BST\Find Kth Largest Value In BST.csproj", "{36E815F6-3B25-4606-92EF-5D96B9585785}"
EndProject
Project("{9A19103F-16F7-4668-BE54-9A1E7A4F7556}") = "Split Binary Tree", "Split Binary Tree\Split Binary Tree.csproj", "{0CDBAF09-235D-4526-9946-3C672B5B4B12}"
EndProject
Project("{FAE04EC0-301F-11D3-BF4B-00C04F79EFBC}") = "Reconstruct BST", "Reconstruct BST\Reconstruct BST.csproj", "{5BCCA47C-0C81-40B8-8701-0AA2D7FA082B}"
EndProject
Project("{FAE04EC0-301F-11D3-BF4B-00C04F79EFBC}") = "River Sizes", "River Sizes\River Sizes.csproj", "{AD451412-01DC-40E5-B0EA-288D2F420D9F}"
EndProject
Project("{FAE04EC0-301F-11D3-BF4B-00C04F79EFBC}") = "Youngest Common Ancestor", "Youngest Common Ancestor\Youngest Common Ancestor.csproj", "{3A40CACB-B45C-422B-B807-E647BB7DA948}"
EndProject
Project("{FAE04EC0-301F-11D3-BF4B-00C04F79EFBC}") = "Remove Islands", "Remove Islands\Remove Islands.csproj", "{E414AFCF-5298-419A-BA29-5A5313208883}"
EndProject
Project("{FAE04EC0-301F-11D3-BF4B-00C04F79EFBC}") = "Cycle In Graph", "Cycle In Graph\Cycle In Graph.csproj", "{ABCCD2DE-CA4A-48A9-B1EE-B36C6473409F}"
EndProject
Project("{FAE04EC0-301F-11D3-BF4B-00C04F79EFBC}") = "Minimum Passes Of Matrix", "Minimum Passes Of Matrix\Minimum Passes Of Matrix.csproj", "{5136F171-BDB9-4871-9774-F67A3B4D315B}"
EndProject
Project("{FAE04EC0-301F-11D3-BF4B-00C04F79EFBC}") = "Two-Colorable", "Two-Colorable\Two-Colorable.csproj", "{1611B970-88AE-40B9-BD4F-05008FF79692}"
EndProject
Global
	GlobalSection(SolutionConfigurationPlatforms) = preSolution
		Debug|Any CPU = Debug|Any CPU
		Release|Any CPU = Release|Any CPU
	EndGlobalSection
	GlobalSection(ProjectConfigurationPlatforms) = postSolution
		{98676697-313D-44B3-88DE-8E5E5D38F3B1}.Debug|Any CPU.ActiveCfg = Debug|Any CPU
		{98676697-313D-44B3-88DE-8E5E5D38F3B1}.Debug|Any CPU.Build.0 = Debug|Any CPU
		{98676697-313D-44B3-88DE-8E5E5D38F3B1}.Release|Any CPU.ActiveCfg = Release|Any CPU
		{98676697-313D-44B3-88DE-8E5E5D38F3B1}.Release|Any CPU.Build.0 = Release|Any CPU
		{6EC51007-047E-471B-B493-387135C3ECF5}.Debug|Any CPU.ActiveCfg = Debug|Any CPU
		{6EC51007-047E-471B-B493-387135C3ECF5}.Debug|Any CPU.Build.0 = Debug|Any CPU
		{6EC51007-047E-471B-B493-387135C3ECF5}.Release|Any CPU.ActiveCfg = Release|Any CPU
		{6EC51007-047E-471B-B493-387135C3ECF5}.Release|Any CPU.Build.0 = Release|Any CPU
		{7B6B66F7-3477-451B-ABA7-C7E1B97B3C92}.Debug|Any CPU.ActiveCfg = Debug|Any CPU
		{7B6B66F7-3477-451B-ABA7-C7E1B97B3C92}.Debug|Any CPU.Build.0 = Debug|Any CPU
		{7B6B66F7-3477-451B-ABA7-C7E1B97B3C92}.Release|Any CPU.ActiveCfg = Release|Any CPU
		{7B6B66F7-3477-451B-ABA7-C7E1B97B3C92}.Release|Any CPU.Build.0 = Release|Any CPU
		{746EA16B-D6BA-43B1-A063-F998B420B9CF}.Debug|Any CPU.ActiveCfg = Debug|Any CPU
		{746EA16B-D6BA-43B1-A063-F998B420B9CF}.Debug|Any CPU.Build.0 = Debug|Any CPU
		{746EA16B-D6BA-43B1-A063-F998B420B9CF}.Release|Any CPU.ActiveCfg = Release|Any CPU
		{746EA16B-D6BA-43B1-A063-F998B420B9CF}.Release|Any CPU.Build.0 = Release|Any CPU
		{641CA455-8580-4E64-A802-688FDDED7083}.Debug|Any CPU.ActiveCfg = Debug|Any CPU
		{641CA455-8580-4E64-A802-688FDDED7083}.Debug|Any CPU.Build.0 = Debug|Any CPU
		{641CA455-8580-4E64-A802-688FDDED7083}.Release|Any CPU.ActiveCfg = Release|Any CPU
		{641CA455-8580-4E64-A802-688FDDED7083}.Release|Any CPU.Build.0 = Release|Any CPU
		{7D988C6C-6952-4A04-9729-4CBEDD249455}.Debug|Any CPU.ActiveCfg = Debug|Any CPU
		{7D988C6C-6952-4A04-9729-4CBEDD249455}.Debug|Any CPU.Build.0 = Debug|Any CPU
		{7D988C6C-6952-4A04-9729-4CBEDD249455}.Release|Any CPU.ActiveCfg = Release|Any CPU
		{7D988C6C-6952-4A04-9729-4CBEDD249455}.Release|Any CPU.Build.0 = Release|Any CPU
		{E74D8FE4-628C-45CF-A294-B0E801D82DD9}.Debug|Any CPU.ActiveCfg = Debug|Any CPU
		{E74D8FE4-628C-45CF-A294-B0E801D82DD9}.Debug|Any CPU.Build.0 = Debug|Any CPU
		{E74D8FE4-628C-45CF-A294-B0E801D82DD9}.Release|Any CPU.ActiveCfg = Release|Any CPU
		{E74D8FE4-628C-45CF-A294-B0E801D82DD9}.Release|Any CPU.Build.0 = Release|Any CPU
		{AC00B2E9-0DF5-4122-8225-EF26A468721F}.Debug|Any CPU.ActiveCfg = Debug|Any CPU
		{AC00B2E9-0DF5-4122-8225-EF26A468721F}.Debug|Any CPU.Build.0 = Debug|Any CPU
		{AC00B2E9-0DF5-4122-8225-EF26A468721F}.Release|Any CPU.ActiveCfg = Release|Any CPU
		{AC00B2E9-0DF5-4122-8225-EF26A468721F}.Release|Any CPU.Build.0 = Release|Any CPU
		{FF10F563-E4FB-4F31-8249-827D70A3474B}.Debug|Any CPU.ActiveCfg = Debug|Any CPU
		{FF10F563-E4FB-4F31-8249-827D70A3474B}.Debug|Any CPU.Build.0 = Debug|Any CPU
		{FF10F563-E4FB-4F31-8249-827D70A3474B}.Release|Any CPU.ActiveCfg = Release|Any CPU
		{FF10F563-E4FB-4F31-8249-827D70A3474B}.Release|Any CPU.Build.0 = Release|Any CPU
		{6A7C89EC-77FB-4A86-AD9B-33B04C015351}.Debug|Any CPU.ActiveCfg = Debug|Any CPU
		{6A7C89EC-77FB-4A86-AD9B-33B04C015351}.Debug|Any CPU.Build.0 = Debug|Any CPU
		{6A7C89EC-77FB-4A86-AD9B-33B04C015351}.Release|Any CPU.ActiveCfg = Release|Any CPU
		{6A7C89EC-77FB-4A86-AD9B-33B04C015351}.Release|Any CPU.Build.0 = Release|Any CPU
		{6568C198-BF08-4729-9963-9645E299E7F9}.Debug|Any CPU.ActiveCfg = Debug|Any CPU
		{6568C198-BF08-4729-9963-9645E299E7F9}.Debug|Any CPU.Build.0 = Debug|Any CPU
		{6568C198-BF08-4729-9963-9645E299E7F9}.Release|Any CPU.ActiveCfg = Release|Any CPU
		{6568C198-BF08-4729-9963-9645E299E7F9}.Release|Any CPU.Build.0 = Release|Any CPU
		{19992BF4-9FAC-48DC-B6D8-34AB650B1D55}.Debug|Any CPU.ActiveCfg = Debug|Any CPU
		{19992BF4-9FAC-48DC-B6D8-34AB650B1D55}.Debug|Any CPU.Build.0 = Debug|Any CPU
		{19992BF4-9FAC-48DC-B6D8-34AB650B1D55}.Release|Any CPU.ActiveCfg = Release|Any CPU
		{19992BF4-9FAC-48DC-B6D8-34AB650B1D55}.Release|Any CPU.Build.0 = Release|Any CPU
		{5BF3A548-C0FC-427E-8553-500F915BAF45}.Debug|Any CPU.ActiveCfg = Debug|Any CPU
		{5BF3A548-C0FC-427E-8553-500F915BAF45}.Debug|Any CPU.Build.0 = Debug|Any CPU
		{5BF3A548-C0FC-427E-8553-500F915BAF45}.Release|Any CPU.ActiveCfg = Release|Any CPU
		{5BF3A548-C0FC-427E-8553-500F915BAF45}.Release|Any CPU.Build.0 = Release|Any CPU
		{D8AE6368-0B59-4707-A290-6ADC078F19A1}.Debug|Any CPU.ActiveCfg = Debug|Any CPU
		{D8AE6368-0B59-4707-A290-6ADC078F19A1}.Debug|Any CPU.Build.0 = Debug|Any CPU
		{D8AE6368-0B59-4707-A290-6ADC078F19A1}.Release|Any CPU.ActiveCfg = Release|Any CPU
		{D8AE6368-0B59-4707-A290-6ADC078F19A1}.Release|Any CPU.Build.0 = Release|Any CPU
		{89D5BAF8-CB29-459A-9323-CBE91326D6D7}.Debug|Any CPU.ActiveCfg = Debug|Any CPU
		{89D5BAF8-CB29-459A-9323-CBE91326D6D7}.Debug|Any CPU.Build.0 = Debug|Any CPU
		{89D5BAF8-CB29-459A-9323-CBE91326D6D7}.Release|Any CPU.ActiveCfg = Release|Any CPU
		{89D5BAF8-CB29-459A-9323-CBE91326D6D7}.Release|Any CPU.Build.0 = Release|Any CPU
		{5548D778-9B56-42C6-8054-0D96A22B5856}.Debug|Any CPU.ActiveCfg = Debug|Any CPU
		{5548D778-9B56-42C6-8054-0D96A22B5856}.Debug|Any CPU.Build.0 = Debug|Any CPU
		{5548D778-9B56-42C6-8054-0D96A22B5856}.Release|Any CPU.ActiveCfg = Release|Any CPU
		{5548D778-9B56-42C6-8054-0D96A22B5856}.Release|Any CPU.Build.0 = Release|Any CPU
		{5E0AC36B-350D-4B25-B9E0-3963E9E4F2F7}.Debug|Any CPU.ActiveCfg = Debug|Any CPU
		{5E0AC36B-350D-4B25-B9E0-3963E9E4F2F7}.Debug|Any CPU.Build.0 = Debug|Any CPU
		{5E0AC36B-350D-4B25-B9E0-3963E9E4F2F7}.Release|Any CPU.ActiveCfg = Release|Any CPU
		{5E0AC36B-350D-4B25-B9E0-3963E9E4F2F7}.Release|Any CPU.Build.0 = Release|Any CPU
		{54FC672B-CC83-4787-AC04-6E7C431E1C51}.Debug|Any CPU.ActiveCfg = Debug|Any CPU
		{54FC672B-CC83-4787-AC04-6E7C431E1C51}.Debug|Any CPU.Build.0 = Debug|Any CPU
		{54FC672B-CC83-4787-AC04-6E7C431E1C51}.Release|Any CPU.ActiveCfg = Release|Any CPU
		{54FC672B-CC83-4787-AC04-6E7C431E1C51}.Release|Any CPU.Build.0 = Release|Any CPU
		{9EE228F9-922C-400D-B87A-FBBA3D4B9959}.Debug|Any CPU.ActiveCfg = Debug|Any CPU
		{9EE228F9-922C-400D-B87A-FBBA3D4B9959}.Debug|Any CPU.Build.0 = Debug|Any CPU
		{9EE228F9-922C-400D-B87A-FBBA3D4B9959}.Release|Any CPU.ActiveCfg = Release|Any CPU
		{9EE228F9-922C-400D-B87A-FBBA3D4B9959}.Release|Any CPU.Build.0 = Release|Any CPU
		{083E92AD-C0F6-4A97-BFB9-399BE9F1D220}.Debug|Any CPU.ActiveCfg = Debug|Any CPU
		{083E92AD-C0F6-4A97-BFB9-399BE9F1D220}.Debug|Any CPU.Build.0 = Debug|Any CPU
		{083E92AD-C0F6-4A97-BFB9-399BE9F1D220}.Release|Any CPU.ActiveCfg = Release|Any CPU
		{083E92AD-C0F6-4A97-BFB9-399BE9F1D220}.Release|Any CPU.Build.0 = Release|Any CPU
		{337576A0-BC5B-4CC0-8550-DFF625F4E443}.Debug|Any CPU.ActiveCfg = Debug|Any CPU
		{337576A0-BC5B-4CC0-8550-DFF625F4E443}.Debug|Any CPU.Build.0 = Debug|Any CPU
		{337576A0-BC5B-4CC0-8550-DFF625F4E443}.Release|Any CPU.ActiveCfg = Release|Any CPU
		{337576A0-BC5B-4CC0-8550-DFF625F4E443}.Release|Any CPU.Build.0 = Release|Any CPU
		{BA5064FB-272F-405E-A457-C7BA1CD40BEB}.Debug|Any CPU.ActiveCfg = Debug|Any CPU
		{BA5064FB-272F-405E-A457-C7BA1CD40BEB}.Debug|Any CPU.Build.0 = Debug|Any CPU
		{BA5064FB-272F-405E-A457-C7BA1CD40BEB}.Release|Any CPU.ActiveCfg = Release|Any CPU
		{BA5064FB-272F-405E-A457-C7BA1CD40BEB}.Release|Any CPU.Build.0 = Release|Any CPU
		{D4E5227D-AADE-4553-8116-55B5648055C8}.Debug|Any CPU.ActiveCfg = Debug|Any CPU
		{D4E5227D-AADE-4553-8116-55B5648055C8}.Debug|Any CPU.Build.0 = Debug|Any CPU
		{D4E5227D-AADE-4553-8116-55B5648055C8}.Release|Any CPU.ActiveCfg = Release|Any CPU
		{D4E5227D-AADE-4553-8116-55B5648055C8}.Release|Any CPU.Build.0 = Release|Any CPU
		{7DAAB984-33D2-4029-AADA-8D9B84D52E18}.Debug|Any CPU.ActiveCfg = Debug|Any CPU
		{7DAAB984-33D2-4029-AADA-8D9B84D52E18}.Debug|Any CPU.Build.0 = Debug|Any CPU
		{7DAAB984-33D2-4029-AADA-8D9B84D52E18}.Release|Any CPU.ActiveCfg = Release|Any CPU
		{7DAAB984-33D2-4029-AADA-8D9B84D52E18}.Release|Any CPU.Build.0 = Release|Any CPU
		{E9030245-79C4-4629-AAA7-D66788679ED0}.Debug|Any CPU.ActiveCfg = Debug|Any CPU
		{E9030245-79C4-4629-AAA7-D66788679ED0}.Debug|Any CPU.Build.0 = Debug|Any CPU
		{E9030245-79C4-4629-AAA7-D66788679ED0}.Release|Any CPU.ActiveCfg = Release|Any CPU
		{E9030245-79C4-4629-AAA7-D66788679ED0}.Release|Any CPU.Build.0 = Release|Any CPU
		{04D237A8-B075-4B26-9D66-9E57E38A7686}.Debug|Any CPU.ActiveCfg = Debug|Any CPU
		{04D237A8-B075-4B26-9D66-9E57E38A7686}.Debug|Any CPU.Build.0 = Debug|Any CPU
		{04D237A8-B075-4B26-9D66-9E57E38A7686}.Release|Any CPU.ActiveCfg = Release|Any CPU
		{04D237A8-B075-4B26-9D66-9E57E38A7686}.Release|Any CPU.Build.0 = Release|Any CPU
		{41E0631D-4A83-405B-856A-C6C3776DCF75}.Debug|Any CPU.ActiveCfg = Debug|Any CPU
		{41E0631D-4A83-405B-856A-C6C3776DCF75}.Debug|Any CPU.Build.0 = Debug|Any CPU
		{41E0631D-4A83-405B-856A-C6C3776DCF75}.Release|Any CPU.ActiveCfg = Release|Any CPU
		{41E0631D-4A83-405B-856A-C6C3776DCF75}.Release|Any CPU.Build.0 = Release|Any CPU
		{4978F705-ED58-4A8B-9A5A-5A1586D1F351}.Debug|Any CPU.ActiveCfg = Debug|Any CPU
		{4978F705-ED58-4A8B-9A5A-5A1586D1F351}.Debug|Any CPU.Build.0 = Debug|Any CPU
		{4978F705-ED58-4A8B-9A5A-5A1586D1F351}.Release|Any CPU.ActiveCfg = Release|Any CPU
		{4978F705-ED58-4A8B-9A5A-5A1586D1F351}.Release|Any CPU.Build.0 = Release|Any CPU
		{35263CB4-0E6D-406B-AB8F-4F0FFEF3C8C5}.Debug|Any CPU.ActiveCfg = Debug|Any CPU
		{35263CB4-0E6D-406B-AB8F-4F0FFEF3C8C5}.Debug|Any CPU.Build.0 = Debug|Any CPU
		{35263CB4-0E6D-406B-AB8F-4F0FFEF3C8C5}.Release|Any CPU.ActiveCfg = Release|Any CPU
		{35263CB4-0E6D-406B-AB8F-4F0FFEF3C8C5}.Release|Any CPU.Build.0 = Release|Any CPU
		{3B0BD7BD-FFB8-4656-89BB-D2DAFF2E3DEC}.Debug|Any CPU.ActiveCfg = Debug|Any CPU
		{3B0BD7BD-FFB8-4656-89BB-D2DAFF2E3DEC}.Debug|Any CPU.Build.0 = Debug|Any CPU
		{3B0BD7BD-FFB8-4656-89BB-D2DAFF2E3DEC}.Release|Any CPU.ActiveCfg = Release|Any CPU
		{3B0BD7BD-FFB8-4656-89BB-D2DAFF2E3DEC}.Release|Any CPU.Build.0 = Release|Any CPU
		{4554DAA3-68C4-45A6-B808-AF715C80EA95}.Debug|Any CPU.ActiveCfg = Debug|Any CPU
		{4554DAA3-68C4-45A6-B808-AF715C80EA95}.Debug|Any CPU.Build.0 = Debug|Any CPU
		{4554DAA3-68C4-45A6-B808-AF715C80EA95}.Release|Any CPU.ActiveCfg = Release|Any CPU
		{4554DAA3-68C4-45A6-B808-AF715C80EA95}.Release|Any CPU.Build.0 = Release|Any CPU
		{2CA2F77B-9F9C-4B96-ADAF-41B675218DDF}.Debug|Any CPU.ActiveCfg = Debug|Any CPU
		{2CA2F77B-9F9C-4B96-ADAF-41B675218DDF}.Debug|Any CPU.Build.0 = Debug|Any CPU
		{2CA2F77B-9F9C-4B96-ADAF-41B675218DDF}.Release|Any CPU.ActiveCfg = Release|Any CPU
		{2CA2F77B-9F9C-4B96-ADAF-41B675218DDF}.Release|Any CPU.Build.0 = Release|Any CPU
		{07462100-2554-4B72-91D8-92345CF83160}.Debug|Any CPU.ActiveCfg = Debug|Any CPU
		{07462100-2554-4B72-91D8-92345CF83160}.Debug|Any CPU.Build.0 = Debug|Any CPU
		{07462100-2554-4B72-91D8-92345CF83160}.Release|Any CPU.ActiveCfg = Release|Any CPU
		{07462100-2554-4B72-91D8-92345CF83160}.Release|Any CPU.Build.0 = Release|Any CPU
		{FDDF1E49-4550-43B1-B2AC-E0AE4B745E04}.Debug|Any CPU.ActiveCfg = Debug|Any CPU
		{FDDF1E49-4550-43B1-B2AC-E0AE4B745E04}.Debug|Any CPU.Build.0 = Debug|Any CPU
		{FDDF1E49-4550-43B1-B2AC-E0AE4B745E04}.Release|Any CPU.ActiveCfg = Release|Any CPU
		{FDDF1E49-4550-43B1-B2AC-E0AE4B745E04}.Release|Any CPU.Build.0 = Release|Any CPU
		{33B22E2A-EDD8-47FC-A803-217DD20AAB9D}.Debug|Any CPU.ActiveCfg = Debug|Any CPU
		{33B22E2A-EDD8-47FC-A803-217DD20AAB9D}.Debug|Any CPU.Build.0 = Debug|Any CPU
		{33B22E2A-EDD8-47FC-A803-217DD20AAB9D}.Release|Any CPU.ActiveCfg = Release|Any CPU
		{33B22E2A-EDD8-47FC-A803-217DD20AAB9D}.Release|Any CPU.Build.0 = Release|Any CPU
		{CE9DE14A-0355-4C12-A240-DF258708D7E4}.Debug|Any CPU.ActiveCfg = Debug|Any CPU
		{CE9DE14A-0355-4C12-A240-DF258708D7E4}.Debug|Any CPU.Build.0 = Debug|Any CPU
		{CE9DE14A-0355-4C12-A240-DF258708D7E4}.Release|Any CPU.ActiveCfg = Release|Any CPU
		{CE9DE14A-0355-4C12-A240-DF258708D7E4}.Release|Any CPU.Build.0 = Release|Any CPU
		{CDD3CB89-92D0-443D-8532-E38B1DEBE5C8}.Debug|Any CPU.ActiveCfg = Debug|Any CPU
		{CDD3CB89-92D0-443D-8532-E38B1DEBE5C8}.Debug|Any CPU.Build.0 = Debug|Any CPU
		{CDD3CB89-92D0-443D-8532-E38B1DEBE5C8}.Release|Any CPU.ActiveCfg = Release|Any CPU
		{CDD3CB89-92D0-443D-8532-E38B1DEBE5C8}.Release|Any CPU.Build.0 = Release|Any CPU
		{1831238B-50C4-4A30-8927-82A276491576}.Debug|Any CPU.ActiveCfg = Debug|Any CPU
		{1831238B-50C4-4A30-8927-82A276491576}.Debug|Any CPU.Build.0 = Debug|Any CPU
		{1831238B-50C4-4A30-8927-82A276491576}.Release|Any CPU.ActiveCfg = Release|Any CPU
		{1831238B-50C4-4A30-8927-82A276491576}.Release|Any CPU.Build.0 = Release|Any CPU
		{CB2EC0CA-3168-4B48-9439-2A6C994DDD48}.Debug|Any CPU.ActiveCfg = Debug|Any CPU
		{CB2EC0CA-3168-4B48-9439-2A6C994DDD48}.Debug|Any CPU.Build.0 = Debug|Any CPU
		{CB2EC0CA-3168-4B48-9439-2A6C994DDD48}.Release|Any CPU.ActiveCfg = Release|Any CPU
		{CB2EC0CA-3168-4B48-9439-2A6C994DDD48}.Release|Any CPU.Build.0 = Release|Any CPU
		{513CB48A-5BF0-4667-B0D2-1855AB8ECC6B}.Debug|Any CPU.ActiveCfg = Debug|Any CPU
		{513CB48A-5BF0-4667-B0D2-1855AB8ECC6B}.Debug|Any CPU.Build.0 = Debug|Any CPU
		{513CB48A-5BF0-4667-B0D2-1855AB8ECC6B}.Release|Any CPU.ActiveCfg = Release|Any CPU
		{513CB48A-5BF0-4667-B0D2-1855AB8ECC6B}.Release|Any CPU.Build.0 = Release|Any CPU
		{460E6608-44F6-49CA-9330-5DC9D4664263}.Debug|Any CPU.ActiveCfg = Debug|Any CPU
		{460E6608-44F6-49CA-9330-5DC9D4664263}.Debug|Any CPU.Build.0 = Debug|Any CPU
		{460E6608-44F6-49CA-9330-5DC9D4664263}.Release|Any CPU.ActiveCfg = Release|Any CPU
		{460E6608-44F6-49CA-9330-5DC9D4664263}.Release|Any CPU.Build.0 = Release|Any CPU
		{841C47A8-53A6-4523-9F44-6350AA6A8F66}.Debug|Any CPU.ActiveCfg = Debug|Any CPU
		{841C47A8-53A6-4523-9F44-6350AA6A8F66}.Debug|Any CPU.Build.0 = Debug|Any CPU
		{841C47A8-53A6-4523-9F44-6350AA6A8F66}.Release|Any CPU.ActiveCfg = Release|Any CPU
		{841C47A8-53A6-4523-9F44-6350AA6A8F66}.Release|Any CPU.Build.0 = Release|Any CPU
		{8796063F-8E71-4765-B41A-3B24B21EBDB3}.Debug|Any CPU.ActiveCfg = Debug|Any CPU
		{8796063F-8E71-4765-B41A-3B24B21EBDB3}.Debug|Any CPU.Build.0 = Debug|Any CPU
		{8796063F-8E71-4765-B41A-3B24B21EBDB3}.Release|Any CPU.ActiveCfg = Release|Any CPU
		{8796063F-8E71-4765-B41A-3B24B21EBDB3}.Release|Any CPU.Build.0 = Release|Any CPU
		{11354B4F-A089-47D8-8330-8250294A45C9}.Debug|Any CPU.ActiveCfg = Debug|Any CPU
		{11354B4F-A089-47D8-8330-8250294A45C9}.Debug|Any CPU.Build.0 = Debug|Any CPU
		{11354B4F-A089-47D8-8330-8250294A45C9}.Release|Any CPU.ActiveCfg = Release|Any CPU
		{11354B4F-A089-47D8-8330-8250294A45C9}.Release|Any CPU.Build.0 = Release|Any CPU
		{D1011F6A-C723-466C-B736-2E3D3183A126}.Debug|Any CPU.ActiveCfg = Debug|Any CPU
		{D1011F6A-C723-466C-B736-2E3D3183A126}.Debug|Any CPU.Build.0 = Debug|Any CPU
		{D1011F6A-C723-466C-B736-2E3D3183A126}.Release|Any CPU.ActiveCfg = Release|Any CPU
		{D1011F6A-C723-466C-B736-2E3D3183A126}.Release|Any CPU.Build.0 = Release|Any CPU
		{48A55E60-1E8C-45E2-A156-11AA0A98297A}.Debug|Any CPU.ActiveCfg = Debug|Any CPU
		{48A55E60-1E8C-45E2-A156-11AA0A98297A}.Debug|Any CPU.Build.0 = Debug|Any CPU
		{48A55E60-1E8C-45E2-A156-11AA0A98297A}.Release|Any CPU.ActiveCfg = Release|Any CPU
		{48A55E60-1E8C-45E2-A156-11AA0A98297A}.Release|Any CPU.Build.0 = Release|Any CPU
		{A56D1566-8AEA-440B-BBD5-A319D9CC2766}.Debug|Any CPU.ActiveCfg = Debug|Any CPU
		{A56D1566-8AEA-440B-BBD5-A319D9CC2766}.Debug|Any CPU.Build.0 = Debug|Any CPU
		{A56D1566-8AEA-440B-BBD5-A319D9CC2766}.Release|Any CPU.ActiveCfg = Release|Any CPU
		{A56D1566-8AEA-440B-BBD5-A319D9CC2766}.Release|Any CPU.Build.0 = Release|Any CPU
		{100D74DD-4A07-4623-95D6-1CFC7ACF4F8F}.Debug|Any CPU.ActiveCfg = Debug|Any CPU
		{100D74DD-4A07-4623-95D6-1CFC7ACF4F8F}.Debug|Any CPU.Build.0 = Debug|Any CPU
		{100D74DD-4A07-4623-95D6-1CFC7ACF4F8F}.Release|Any CPU.ActiveCfg = Release|Any CPU
		{100D74DD-4A07-4623-95D6-1CFC7ACF4F8F}.Release|Any CPU.Build.0 = Release|Any CPU
		{18133277-892D-4E94-B9A0-E9B9B5B39BAA}.Debug|Any CPU.ActiveCfg = Debug|Any CPU
		{18133277-892D-4E94-B9A0-E9B9B5B39BAA}.Debug|Any CPU.Build.0 = Debug|Any CPU
		{18133277-892D-4E94-B9A0-E9B9B5B39BAA}.Release|Any CPU.ActiveCfg = Release|Any CPU
		{18133277-892D-4E94-B9A0-E9B9B5B39BAA}.Release|Any CPU.Build.0 = Release|Any CPU
		{949D519F-6E0B-42DB-9727-CCB215DA4E6C}.Debug|Any CPU.ActiveCfg = Debug|Any CPU
		{949D519F-6E0B-42DB-9727-CCB215DA4E6C}.Debug|Any CPU.Build.0 = Debug|Any CPU
		{949D519F-6E0B-42DB-9727-CCB215DA4E6C}.Release|Any CPU.ActiveCfg = Release|Any CPU
		{949D519F-6E0B-42DB-9727-CCB215DA4E6C}.Release|Any CPU.Build.0 = Release|Any CPU
		{F3065973-E75C-43B5-983E-41B53AF191A2}.Debug|Any CPU.ActiveCfg = Debug|Any CPU
		{F3065973-E75C-43B5-983E-41B53AF191A2}.Debug|Any CPU.Build.0 = Debug|Any CPU
		{F3065973-E75C-43B5-983E-41B53AF191A2}.Release|Any CPU.ActiveCfg = Release|Any CPU
		{F3065973-E75C-43B5-983E-41B53AF191A2}.Release|Any CPU.Build.0 = Release|Any CPU
		{39D733D2-26A9-4572-A83E-DA815F213659}.Debug|Any CPU.ActiveCfg = Debug|Any CPU
		{39D733D2-26A9-4572-A83E-DA815F213659}.Debug|Any CPU.Build.0 = Debug|Any CPU
		{39D733D2-26A9-4572-A83E-DA815F213659}.Release|Any CPU.ActiveCfg = Release|Any CPU
		{39D733D2-26A9-4572-A83E-DA815F213659}.Release|Any CPU.Build.0 = Release|Any CPU
		{3C6A594E-6AAE-43CE-9072-74DCB3C7AE73}.Debug|Any CPU.ActiveCfg = Debug|Any CPU
		{3C6A594E-6AAE-43CE-9072-74DCB3C7AE73}.Debug|Any CPU.Build.0 = Debug|Any CPU
		{3C6A594E-6AAE-43CE-9072-74DCB3C7AE73}.Release|Any CPU.ActiveCfg = Release|Any CPU
		{3C6A594E-6AAE-43CE-9072-74DCB3C7AE73}.Release|Any CPU.Build.0 = Release|Any CPU
		{6A005880-547B-4D8A-A139-8F8289474AC6}.Debug|Any CPU.ActiveCfg = Debug|Any CPU
		{6A005880-547B-4D8A-A139-8F8289474AC6}.Debug|Any CPU.Build.0 = Debug|Any CPU
		{6A005880-547B-4D8A-A139-8F8289474AC6}.Release|Any CPU.ActiveCfg = Release|Any CPU
		{6A005880-547B-4D8A-A139-8F8289474AC6}.Release|Any CPU.Build.0 = Release|Any CPU
		{6A2E3B95-C09C-45A0-8252-DF46F1FE7594}.Debug|Any CPU.ActiveCfg = Debug|Any CPU
		{6A2E3B95-C09C-45A0-8252-DF46F1FE7594}.Debug|Any CPU.Build.0 = Debug|Any CPU
		{6A2E3B95-C09C-45A0-8252-DF46F1FE7594}.Release|Any CPU.ActiveCfg = Release|Any CPU
		{6A2E3B95-C09C-45A0-8252-DF46F1FE7594}.Release|Any CPU.Build.0 = Release|Any CPU
		{FB12B54C-C9C8-4E3A-86D0-2DD9C8B26E86}.Debug|Any CPU.ActiveCfg = Debug|Any CPU
		{FB12B54C-C9C8-4E3A-86D0-2DD9C8B26E86}.Debug|Any CPU.Build.0 = Debug|Any CPU
		{FB12B54C-C9C8-4E3A-86D0-2DD9C8B26E86}.Release|Any CPU.ActiveCfg = Release|Any CPU
		{FB12B54C-C9C8-4E3A-86D0-2DD9C8B26E86}.Release|Any CPU.Build.0 = Release|Any CPU
		{69514DFF-2413-443A-AC82-1141E46CFA9B}.Debug|Any CPU.ActiveCfg = Debug|Any CPU
		{69514DFF-2413-443A-AC82-1141E46CFA9B}.Debug|Any CPU.Build.0 = Debug|Any CPU
		{69514DFF-2413-443A-AC82-1141E46CFA9B}.Release|Any CPU.ActiveCfg = Release|Any CPU
		{69514DFF-2413-443A-AC82-1141E46CFA9B}.Release|Any CPU.Build.0 = Release|Any CPU
		{E8EEF89D-F13B-41C6-9919-FFA2BE570E8D}.Debug|Any CPU.ActiveCfg = Debug|Any CPU
		{E8EEF89D-F13B-41C6-9919-FFA2BE570E8D}.Debug|Any CPU.Build.0 = Debug|Any CPU
		{E8EEF89D-F13B-41C6-9919-FFA2BE570E8D}.Release|Any CPU.ActiveCfg = Release|Any CPU
		{E8EEF89D-F13B-41C6-9919-FFA2BE570E8D}.Release|Any CPU.Build.0 = Release|Any CPU
		{E0C8EEA7-0B71-4A77-A4B5-CB33535035A0}.Debug|Any CPU.ActiveCfg = Debug|Any CPU
		{E0C8EEA7-0B71-4A77-A4B5-CB33535035A0}.Debug|Any CPU.Build.0 = Debug|Any CPU
		{E0C8EEA7-0B71-4A77-A4B5-CB33535035A0}.Release|Any CPU.ActiveCfg = Release|Any CPU
		{E0C8EEA7-0B71-4A77-A4B5-CB33535035A0}.Release|Any CPU.Build.0 = Release|Any CPU
		{122BD105-532F-4EAA-9CAD-50AC7AD5B03E}.Debug|Any CPU.ActiveCfg = Debug|Any CPU
		{122BD105-532F-4EAA-9CAD-50AC7AD5B03E}.Debug|Any CPU.Build.0 = Debug|Any CPU
		{122BD105-532F-4EAA-9CAD-50AC7AD5B03E}.Release|Any CPU.ActiveCfg = Release|Any CPU
		{122BD105-532F-4EAA-9CAD-50AC7AD5B03E}.Release|Any CPU.Build.0 = Release|Any CPU
		{B739D35D-3559-468E-A1F7-964A71C18C0A}.Debug|Any CPU.ActiveCfg = Debug|Any CPU
		{B739D35D-3559-468E-A1F7-964A71C18C0A}.Debug|Any CPU.Build.0 = Debug|Any CPU
		{B739D35D-3559-468E-A1F7-964A71C18C0A}.Release|Any CPU.ActiveCfg = Release|Any CPU
		{B739D35D-3559-468E-A1F7-964A71C18C0A}.Release|Any CPU.Build.0 = Release|Any CPU
		{25ECBB33-A6E3-4B7E-835D-C6CE9C4AC5A2}.Debug|Any CPU.ActiveCfg = Debug|Any CPU
		{25ECBB33-A6E3-4B7E-835D-C6CE9C4AC5A2}.Debug|Any CPU.Build.0 = Debug|Any CPU
		{25ECBB33-A6E3-4B7E-835D-C6CE9C4AC5A2}.Release|Any CPU.ActiveCfg = Release|Any CPU
		{25ECBB33-A6E3-4B7E-835D-C6CE9C4AC5A2}.Release|Any CPU.Build.0 = Release|Any CPU
		{30675D91-A1B9-484B-82F6-D6D5A8F0BE44}.Debug|Any CPU.ActiveCfg = Debug|Any CPU
		{30675D91-A1B9-484B-82F6-D6D5A8F0BE44}.Debug|Any CPU.Build.0 = Debug|Any CPU
		{30675D91-A1B9-484B-82F6-D6D5A8F0BE44}.Release|Any CPU.ActiveCfg = Release|Any CPU
		{30675D91-A1B9-484B-82F6-D6D5A8F0BE44}.Release|Any CPU.Build.0 = Release|Any CPU
		{8DD9E383-EAF9-4BE5-AD02-1A896B69897B}.Debug|Any CPU.ActiveCfg = Debug|Any CPU
		{8DD9E383-EAF9-4BE5-AD02-1A896B69897B}.Debug|Any CPU.Build.0 = Debug|Any CPU
		{8DD9E383-EAF9-4BE5-AD02-1A896B69897B}.Release|Any CPU.ActiveCfg = Release|Any CPU
		{8DD9E383-EAF9-4BE5-AD02-1A896B69897B}.Release|Any CPU.Build.0 = Release|Any CPU
		{C430A863-51A5-4009-A15F-B986A89C159B}.Debug|Any CPU.ActiveCfg = Debug|Any CPU
		{C430A863-51A5-4009-A15F-B986A89C159B}.Debug|Any CPU.Build.0 = Debug|Any CPU
		{C430A863-51A5-4009-A15F-B986A89C159B}.Release|Any CPU.ActiveCfg = Release|Any CPU
		{C430A863-51A5-4009-A15F-B986A89C159B}.Release|Any CPU.Build.0 = Release|Any CPU
		{F829D3E2-2C2D-482D-ABE8-D15429622DF7}.Debug|Any CPU.ActiveCfg = Debug|Any CPU
		{F829D3E2-2C2D-482D-ABE8-D15429622DF7}.Debug|Any CPU.Build.0 = Debug|Any CPU
		{F829D3E2-2C2D-482D-ABE8-D15429622DF7}.Release|Any CPU.ActiveCfg = Release|Any CPU
		{F829D3E2-2C2D-482D-ABE8-D15429622DF7}.Release|Any CPU.Build.0 = Release|Any CPU
		{B887579E-2924-498E-AFBD-23E298757D1D}.Debug|Any CPU.ActiveCfg = Debug|Any CPU
		{B887579E-2924-498E-AFBD-23E298757D1D}.Debug|Any CPU.Build.0 = Debug|Any CPU
		{B887579E-2924-498E-AFBD-23E298757D1D}.Release|Any CPU.ActiveCfg = Release|Any CPU
		{B887579E-2924-498E-AFBD-23E298757D1D}.Release|Any CPU.Build.0 = Release|Any CPU
		{F796EE37-9E36-4185-8FE6-A247DB90B9CC}.Debug|Any CPU.ActiveCfg = Debug|Any CPU
		{F796EE37-9E36-4185-8FE6-A247DB90B9CC}.Debug|Any CPU.Build.0 = Debug|Any CPU
		{F796EE37-9E36-4185-8FE6-A247DB90B9CC}.Release|Any CPU.ActiveCfg = Release|Any CPU
		{F796EE37-9E36-4185-8FE6-A247DB90B9CC}.Release|Any CPU.Build.0 = Release|Any CPU
		{537A144A-6858-4E78-9A9D-271EDC48F8F9}.Debug|Any CPU.ActiveCfg = Debug|Any CPU
		{537A144A-6858-4E78-9A9D-271EDC48F8F9}.Debug|Any CPU.Build.0 = Debug|Any CPU
		{537A144A-6858-4E78-9A9D-271EDC48F8F9}.Release|Any CPU.ActiveCfg = Release|Any CPU
		{537A144A-6858-4E78-9A9D-271EDC48F8F9}.Release|Any CPU.Build.0 = Release|Any CPU
		{9CA706E7-C0EE-4D75-A92E-C57F66C32C3B}.Debug|Any CPU.ActiveCfg = Debug|Any CPU
		{9CA706E7-C0EE-4D75-A92E-C57F66C32C3B}.Debug|Any CPU.Build.0 = Debug|Any CPU
		{9CA706E7-C0EE-4D75-A92E-C57F66C32C3B}.Release|Any CPU.ActiveCfg = Release|Any CPU
		{9CA706E7-C0EE-4D75-A92E-C57F66C32C3B}.Release|Any CPU.Build.0 = Release|Any CPU
		{BAA422B3-45E7-4C8B-B1B4-DFEA4B639F99}.Debug|Any CPU.ActiveCfg = Debug|Any CPU
		{BAA422B3-45E7-4C8B-B1B4-DFEA4B639F99}.Debug|Any CPU.Build.0 = Debug|Any CPU
		{BAA422B3-45E7-4C8B-B1B4-DFEA4B639F99}.Release|Any CPU.ActiveCfg = Release|Any CPU
		{BAA422B3-45E7-4C8B-B1B4-DFEA4B639F99}.Release|Any CPU.Build.0 = Release|Any CPU
		{686B277D-0B3D-4D7C-ADF9-F9CC3FC2CC3A}.Debug|Any CPU.ActiveCfg = Debug|Any CPU
		{686B277D-0B3D-4D7C-ADF9-F9CC3FC2CC3A}.Debug|Any CPU.Build.0 = Debug|Any CPU
		{686B277D-0B3D-4D7C-ADF9-F9CC3FC2CC3A}.Release|Any CPU.ActiveCfg = Release|Any CPU
		{686B277D-0B3D-4D7C-ADF9-F9CC3FC2CC3A}.Release|Any CPU.Build.0 = Release|Any CPU
		{532EF06E-452F-460E-80FE-F0B434F8B6C6}.Debug|Any CPU.ActiveCfg = Debug|Any CPU
		{532EF06E-452F-460E-80FE-F0B434F8B6C6}.Debug|Any CPU.Build.0 = Debug|Any CPU
		{532EF06E-452F-460E-80FE-F0B434F8B6C6}.Release|Any CPU.ActiveCfg = Release|Any CPU
		{532EF06E-452F-460E-80FE-F0B434F8B6C6}.Release|Any CPU.Build.0 = Release|Any CPU
		{FF4F59DC-B5C9-43ED-A6A3-AAF84FF2ACE8}.Debug|Any CPU.ActiveCfg = Debug|Any CPU
		{FF4F59DC-B5C9-43ED-A6A3-AAF84FF2ACE8}.Debug|Any CPU.Build.0 = Debug|Any CPU
		{FF4F59DC-B5C9-43ED-A6A3-AAF84FF2ACE8}.Release|Any CPU.ActiveCfg = Release|Any CPU
		{FF4F59DC-B5C9-43ED-A6A3-AAF84FF2ACE8}.Release|Any CPU.Build.0 = Release|Any CPU
		{2678C81B-70CE-4A53-94BB-B4F0B8C75CA9}.Debug|Any CPU.ActiveCfg = Debug|Any CPU
		{2678C81B-70CE-4A53-94BB-B4F0B8C75CA9}.Debug|Any CPU.Build.0 = Debug|Any CPU
		{2678C81B-70CE-4A53-94BB-B4F0B8C75CA9}.Release|Any CPU.ActiveCfg = Release|Any CPU
		{2678C81B-70CE-4A53-94BB-B4F0B8C75CA9}.Release|Any CPU.Build.0 = Release|Any CPU
		{EFE5C638-7503-4B19-B78C-C218501CDD0C}.Debug|Any CPU.ActiveCfg = Debug|Any CPU
		{EFE5C638-7503-4B19-B78C-C218501CDD0C}.Debug|Any CPU.Build.0 = Debug|Any CPU
		{EFE5C638-7503-4B19-B78C-C218501CDD0C}.Release|Any CPU.ActiveCfg = Release|Any CPU
		{EFE5C638-7503-4B19-B78C-C218501CDD0C}.Release|Any CPU.Build.0 = Release|Any CPU
		{F0638121-33F8-41C4-A70F-A0E27C7840EC}.Debug|Any CPU.ActiveCfg = Debug|Any CPU
		{F0638121-33F8-41C4-A70F-A0E27C7840EC}.Debug|Any CPU.Build.0 = Debug|Any CPU
		{F0638121-33F8-41C4-A70F-A0E27C7840EC}.Release|Any CPU.ActiveCfg = Release|Any CPU
		{F0638121-33F8-41C4-A70F-A0E27C7840EC}.Release|Any CPU.Build.0 = Release|Any CPU
		{C087267E-B3A7-40B0-862B-7B7FD48BFBF5}.Debug|Any CPU.ActiveCfg = Debug|Any CPU
		{C087267E-B3A7-40B0-862B-7B7FD48BFBF5}.Debug|Any CPU.Build.0 = Debug|Any CPU
		{C087267E-B3A7-40B0-862B-7B7FD48BFBF5}.Release|Any CPU.ActiveCfg = Release|Any CPU
		{C087267E-B3A7-40B0-862B-7B7FD48BFBF5}.Release|Any CPU.Build.0 = Release|Any CPU
		{71BF2047-C8D3-4CA5-90B2-71F5644CAA63}.Debug|Any CPU.ActiveCfg = Debug|Any CPU
		{71BF2047-C8D3-4CA5-90B2-71F5644CAA63}.Debug|Any CPU.Build.0 = Debug|Any CPU
		{71BF2047-C8D3-4CA5-90B2-71F5644CAA63}.Release|Any CPU.ActiveCfg = Release|Any CPU
		{71BF2047-C8D3-4CA5-90B2-71F5644CAA63}.Release|Any CPU.Build.0 = Release|Any CPU
		{7B356AD2-1F15-43D7-AFB1-D4E1A5C850DF}.Debug|Any CPU.ActiveCfg = Debug|Any CPU
		{7B356AD2-1F15-43D7-AFB1-D4E1A5C850DF}.Debug|Any CPU.Build.0 = Debug|Any CPU
		{7B356AD2-1F15-43D7-AFB1-D4E1A5C850DF}.Release|Any CPU.ActiveCfg = Release|Any CPU
		{7B356AD2-1F15-43D7-AFB1-D4E1A5C850DF}.Release|Any CPU.Build.0 = Release|Any CPU
		{5C4E6B81-9AFD-4969-A225-85CBB7DF60C9}.Debug|Any CPU.ActiveCfg = Debug|Any CPU
		{5C4E6B81-9AFD-4969-A225-85CBB7DF60C9}.Debug|Any CPU.Build.0 = Debug|Any CPU
		{5C4E6B81-9AFD-4969-A225-85CBB7DF60C9}.Release|Any CPU.ActiveCfg = Release|Any CPU
		{5C4E6B81-9AFD-4969-A225-85CBB7DF60C9}.Release|Any CPU.Build.0 = Release|Any CPU
		{DA7787EC-ECBD-465D-AA12-779496034F36}.Debug|Any CPU.ActiveCfg = Debug|Any CPU
		{DA7787EC-ECBD-465D-AA12-779496034F36}.Debug|Any CPU.Build.0 = Debug|Any CPU
		{DA7787EC-ECBD-465D-AA12-779496034F36}.Release|Any CPU.ActiveCfg = Release|Any CPU
		{DA7787EC-ECBD-465D-AA12-779496034F36}.Release|Any CPU.Build.0 = Release|Any CPU
		{C332A5F1-DE4E-4BE0-BE16-FEC3E574E0B6}.Debug|Any CPU.ActiveCfg = Debug|Any CPU
		{C332A5F1-DE4E-4BE0-BE16-FEC3E574E0B6}.Debug|Any CPU.Build.0 = Debug|Any CPU
		{C332A5F1-DE4E-4BE0-BE16-FEC3E574E0B6}.Release|Any CPU.ActiveCfg = Release|Any CPU
		{C332A5F1-DE4E-4BE0-BE16-FEC3E574E0B6}.Release|Any CPU.Build.0 = Release|Any CPU
		{A7596B52-4495-46B4-97C6-956F0D38D7A7}.Debug|Any CPU.ActiveCfg = Debug|Any CPU
		{A7596B52-4495-46B4-97C6-956F0D38D7A7}.Debug|Any CPU.Build.0 = Debug|Any CPU
		{A7596B52-4495-46B4-97C6-956F0D38D7A7}.Release|Any CPU.ActiveCfg = Release|Any CPU
		{A7596B52-4495-46B4-97C6-956F0D38D7A7}.Release|Any CPU.Build.0 = Release|Any CPU
		{2B854DDF-732B-4DEC-9C7C-6298DCD95402}.Debug|Any CPU.ActiveCfg = Debug|Any CPU
		{2B854DDF-732B-4DEC-9C7C-6298DCD95402}.Debug|Any CPU.Build.0 = Debug|Any CPU
		{2B854DDF-732B-4DEC-9C7C-6298DCD95402}.Release|Any CPU.ActiveCfg = Release|Any CPU
		{2B854DDF-732B-4DEC-9C7C-6298DCD95402}.Release|Any CPU.Build.0 = Release|Any CPU
		{A7B35708-21DC-48FC-93DB-47A3243FA2EE}.Debug|Any CPU.ActiveCfg = Debug|Any CPU
		{A7B35708-21DC-48FC-93DB-47A3243FA2EE}.Debug|Any CPU.Build.0 = Debug|Any CPU
		{A7B35708-21DC-48FC-93DB-47A3243FA2EE}.Release|Any CPU.ActiveCfg = Release|Any CPU
		{A7B35708-21DC-48FC-93DB-47A3243FA2EE}.Release|Any CPU.Build.0 = Release|Any CPU
		{61CAC9E5-B298-41B3-8507-85A6FAE3FC27}.Debug|Any CPU.ActiveCfg = Debug|Any CPU
		{61CAC9E5-B298-41B3-8507-85A6FAE3FC27}.Debug|Any CPU.Build.0 = Debug|Any CPU
		{61CAC9E5-B298-41B3-8507-85A6FAE3FC27}.Release|Any CPU.ActiveCfg = Release|Any CPU
		{61CAC9E5-B298-41B3-8507-85A6FAE3FC27}.Release|Any CPU.Build.0 = Release|Any CPU
		{EC4C3AFE-E0FA-44C0-BC4A-FFC82419C684}.Debug|Any CPU.ActiveCfg = Debug|Any CPU
		{EC4C3AFE-E0FA-44C0-BC4A-FFC82419C684}.Debug|Any CPU.Build.0 = Debug|Any CPU
		{EC4C3AFE-E0FA-44C0-BC4A-FFC82419C684}.Release|Any CPU.ActiveCfg = Release|Any CPU
		{EC4C3AFE-E0FA-44C0-BC4A-FFC82419C684}.Release|Any CPU.Build.0 = Release|Any CPU
		{F3C30942-2277-4A52-A0E7-F7528F2AFDCB}.Debug|Any CPU.ActiveCfg = Debug|Any CPU
		{F3C30942-2277-4A52-A0E7-F7528F2AFDCB}.Debug|Any CPU.Build.0 = Debug|Any CPU
		{F3C30942-2277-4A52-A0E7-F7528F2AFDCB}.Release|Any CPU.ActiveCfg = Release|Any CPU
		{F3C30942-2277-4A52-A0E7-F7528F2AFDCB}.Release|Any CPU.Build.0 = Release|Any CPU
		{60AA51D9-3B0F-4A22-8E8C-5513EB5AF10A}.Debug|Any CPU.ActiveCfg = Debug|Any CPU
		{60AA51D9-3B0F-4A22-8E8C-5513EB5AF10A}.Debug|Any CPU.Build.0 = Debug|Any CPU
		{60AA51D9-3B0F-4A22-8E8C-5513EB5AF10A}.Release|Any CPU.ActiveCfg = Release|Any CPU
		{60AA51D9-3B0F-4A22-8E8C-5513EB5AF10A}.Release|Any CPU.Build.0 = Release|Any CPU
		{36E815F6-3B25-4606-92EF-5D96B9585785}.Debug|Any CPU.ActiveCfg = Debug|Any CPU
		{36E815F6-3B25-4606-92EF-5D96B9585785}.Debug|Any CPU.Build.0 = Debug|Any CPU
		{36E815F6-3B25-4606-92EF-5D96B9585785}.Release|Any CPU.ActiveCfg = Release|Any CPU
		{36E815F6-3B25-4606-92EF-5D96B9585785}.Release|Any CPU.Build.0 = Release|Any CPU
		{0CDBAF09-235D-4526-9946-3C672B5B4B12}.Debug|Any CPU.ActiveCfg = Debug|Any CPU
		{0CDBAF09-235D-4526-9946-3C672B5B4B12}.Debug|Any CPU.Build.0 = Debug|Any CPU
		{0CDBAF09-235D-4526-9946-3C672B5B4B12}.Release|Any CPU.ActiveCfg = Release|Any CPU
		{0CDBAF09-235D-4526-9946-3C672B5B4B12}.Release|Any CPU.Build.0 = Release|Any CPU
		{5BCCA47C-0C81-40B8-8701-0AA2D7FA082B}.Debug|Any CPU.ActiveCfg = Debug|Any CPU
		{5BCCA47C-0C81-40B8-8701-0AA2D7FA082B}.Debug|Any CPU.Build.0 = Debug|Any CPU
		{5BCCA47C-0C81-40B8-8701-0AA2D7FA082B}.Release|Any CPU.ActiveCfg = Release|Any CPU
		{5BCCA47C-0C81-40B8-8701-0AA2D7FA082B}.Release|Any CPU.Build.0 = Release|Any CPU
		{AD451412-01DC-40E5-B0EA-288D2F420D9F}.Debug|Any CPU.ActiveCfg = Debug|Any CPU
		{AD451412-01DC-40E5-B0EA-288D2F420D9F}.Debug|Any CPU.Build.0 = Debug|Any CPU
		{AD451412-01DC-40E5-B0EA-288D2F420D9F}.Release|Any CPU.ActiveCfg = Release|Any CPU
		{AD451412-01DC-40E5-B0EA-288D2F420D9F}.Release|Any CPU.Build.0 = Release|Any CPU
		{3A40CACB-B45C-422B-B807-E647BB7DA948}.Debug|Any CPU.ActiveCfg = Debug|Any CPU
		{3A40CACB-B45C-422B-B807-E647BB7DA948}.Debug|Any CPU.Build.0 = Debug|Any CPU
		{3A40CACB-B45C-422B-B807-E647BB7DA948}.Release|Any CPU.ActiveCfg = Release|Any CPU
		{3A40CACB-B45C-422B-B807-E647BB7DA948}.Release|Any CPU.Build.0 = Release|Any CPU
		{E414AFCF-5298-419A-BA29-5A5313208883}.Debug|Any CPU.ActiveCfg = Debug|Any CPU
		{E414AFCF-5298-419A-BA29-5A5313208883}.Debug|Any CPU.Build.0 = Debug|Any CPU
		{E414AFCF-5298-419A-BA29-5A5313208883}.Release|Any CPU.ActiveCfg = Release|Any CPU
		{E414AFCF-5298-419A-BA29-5A5313208883}.Release|Any CPU.Build.0 = Release|Any CPU
		{ABCCD2DE-CA4A-48A9-B1EE-B36C6473409F}.Debug|Any CPU.ActiveCfg = Debug|Any CPU
		{ABCCD2DE-CA4A-48A9-B1EE-B36C6473409F}.Debug|Any CPU.Build.0 = Debug|Any CPU
		{ABCCD2DE-CA4A-48A9-B1EE-B36C6473409F}.Release|Any CPU.ActiveCfg = Release|Any CPU
		{ABCCD2DE-CA4A-48A9-B1EE-B36C6473409F}.Release|Any CPU.Build.0 = Release|Any CPU
		{5136F171-BDB9-4871-9774-F67A3B4D315B}.Debug|Any CPU.ActiveCfg = Debug|Any CPU
		{5136F171-BDB9-4871-9774-F67A3B4D315B}.Debug|Any CPU.Build.0 = Debug|Any CPU
		{5136F171-BDB9-4871-9774-F67A3B4D315B}.Release|Any CPU.ActiveCfg = Release|Any CPU
		{5136F171-BDB9-4871-9774-F67A3B4D315B}.Release|Any CPU.Build.0 = Release|Any CPU
		{1611B970-88AE-40B9-BD4F-05008FF79692}.Debug|Any CPU.ActiveCfg = Debug|Any CPU
		{1611B970-88AE-40B9-BD4F-05008FF79692}.Debug|Any CPU.Build.0 = Debug|Any CPU
		{1611B970-88AE-40B9-BD4F-05008FF79692}.Release|Any CPU.ActiveCfg = Release|Any CPU
		{1611B970-88AE-40B9-BD4F-05008FF79692}.Release|Any CPU.Build.0 = Release|Any CPU
	EndGlobalSection
	GlobalSection(SolutionProperties) = preSolution
		HideSolutionNode = FALSE
	EndGlobalSection
	GlobalSection(ExtensibilityGlobals) = postSolution
		SolutionGuid = {848815FE-FE90-488E-8E41-8CCFE7E1BF28}
	EndGlobalSection
EndGlobal
