
Microsoft Visual Studio Solution File, Format Version 12.00
# Visual Studio Version 17
VisualStudioVersion = 17.4.33213.308
MinimumVisualStudioVersion = 10.0.40219.1
Project("{9A19103F-16F7-4668-BE54-9A1E7A4F7556}") = "Two Number Sum", "Two Number Sum\Two Number Sum.csproj", "{98676697-313D-44B3-88DE-8E5E5D38F3B1}"
EndProject
Project("{FAE04EC0-301F-11D3-BF4B-00C04F79EFBC}") = "Validate Subsequence", "Validate Subsequence\Validate Subsequence.csproj", "{6EC51007-047E-471B-B493-387135C3ECF5}"
EndProject
Global
	GlobalSection(SolutionConfigurationPlatforms) = preSolution
		Debug|Any CPU = Debug|Any CPU
		Release|Any CPU = Release|Any CPU
	EndGlobalSection
	GlobalSection(ProjectConfigurationPlatforms) = postSolution
		{98676697-313D-44B3-88DE-8E5E5D38F3B1}.Debug|Any CPU.ActiveCfg = Debug|Any CPU
		{98676697-313D-44B3-88DE-8E5E5D38F3B1}.Debug|Any CPU.Build.0 = Debug|Any CPU
		{98676697-313D-44B3-88DE-8E5E5D38F3B1}.Release|Any CPU.ActiveCfg = Release|Any CPU
		{98676697-313D-44B3-88DE-8E5E5D38F3B1}.Release|Any CPU.Build.0 = Release|Any CPU
		{6EC51007-047E-471B-B493-387135C3ECF5}.Debug|Any CPU.ActiveCfg = Debug|Any CPU
		{6EC51007-047E-471B-B493-387135C3ECF5}.Debug|Any CPU.Build.0 = Debug|Any CPU
		{6EC51007-047E-471B-B493-387135C3ECF5}.Release|Any CPU.ActiveCfg = Release|Any CPU
		{6EC51007-047E-471B-B493-387135C3ECF5}.Release|Any CPU.Build.0 = Release|Any CPU
	EndGlobalSection
	GlobalSection(SolutionProperties) = preSolution
		HideSolutionNode = FALSE
	EndGlobalSection
	GlobalSection(ExtensibilityGlobals) = postSolution
		SolutionGuid = {848815FE-FE90-488E-8E41-8CCFE7E1BF28}
	EndGlobalSection
EndGlobal
