
Microsoft Visual Studio Solution File, Format Version 12.00
# Visual Studio Version 17
VisualStudioVersion = 17.4.33213.308
MinimumVisualStudioVersion = 10.0.40219.1
Project("{9A19103F-16F7-4668-BE54-9A1E7A4F7556}") = "Two Number Sum", "Two Number Sum\Two Number Sum.csproj", "{98676697-313D-44B3-88DE-8E5E5D38F3B1}"
EndProject
Project("{9A19103F-16F7-4668-BE54-9A1E7A4F7556}") = "Validate Subsequence", "Validate Subsequence\Validate Subsequence.csproj", "{6EC51007-047E-471B-B493-387135C3ECF5}"
EndProject
Project("{9A19103F-16F7-4668-BE54-9A1E7A4F7556}") = "Sorted Squared Array", "Sorted Squared Array\Sorted Squared Array.csproj", "{7B6B66F7-3477-451B-ABA7-C7E1B97B3C92}"
EndProject
Project("{9A19103F-16F7-4668-BE54-9A1E7A4F7556}") = "Tournament Winner", "Tournament Winner\Tournament Winner.csproj", "{746EA16B-D6BA-43B1-A063-F998B420B9CF}"
EndProject
Project("{9A19103F-16F7-4668-BE54-9A1E7A4F7556}") = "Non-Constructible Change", "Non-Constructible Change\Non-Constructible Change.csproj", "{641CA455-8580-4E64-A802-688FDDED7083}"
EndProject
Project("{9A19103F-16F7-4668-BE54-9A1E7A4F7556}") = "Transpose Matrix", "Transpose Matrix\Transpose Matrix.csproj", "{7D988C6C-6952-4A04-9729-4CBEDD249455}"
EndProject
Project("{9A19103F-16F7-4668-BE54-9A1E7A4F7556}") = "Caesar Cipher Encryptor", "Caesar Cipher Encryptor\Caesar Cipher Encryptor.csproj", "{E74D8FE4-628C-45CF-A294-B0E801D82DD9}"
EndProject
Project("{9A19103F-16F7-4668-BE54-9A1E7A4F7556}") = "Palindrome Check", "Palindrome Check\Palindrome Check.csproj", "{AC00B2E9-0DF5-4122-8225-EF26A468721F}"
EndProject
Project("{9A19103F-16F7-4668-BE54-9A1E7A4F7556}") = "Run-Length Encoding", "Run-Length Encoding\Run-Length Encoding.csproj", "{FF10F563-E4FB-4F31-8249-827D70A3474B}"
EndProject
Project("{9A19103F-16F7-4668-BE54-9A1E7A4F7556}") = "Common Characters", "Common Characters\Common Characters.csproj", "{6A7C89EC-77FB-4A86-AD9B-33B04C015351}"
EndProject
Project("{9A19103F-16F7-4668-BE54-9A1E7A4F7556}") = "Generate Document", "Generate Document\Generate Document.csproj", "{6568C198-BF08-4729-9963-9645E299E7F9}"
EndProject
Project("{9A19103F-16F7-4668-BE54-9A1E7A4F7556}") = "First Non-Repeating Character", "First Non-Repeating Character\First Non-Repeating Character.csproj", "{19992BF4-9FAC-48DC-B6D8-34AB650B1D55}"
EndProject
Project("{9A19103F-16F7-4668-BE54-9A1E7A4F7556}") = "Semordnilap", "Semordnilap\Semordnilap.csproj", "{5BF3A548-C0FC-427E-8553-500F915BAF45}"
EndProject
Project("{9A19103F-16F7-4668-BE54-9A1E7A4F7556}") = "Remove Duplicates From Linked List", "Remove Duplicates From Linked List\Remove Duplicates From Linked List.csproj", "{D8AE6368-0B59-4707-A290-6ADC078F19A1}"
EndProject
Project("{9A19103F-16F7-4668-BE54-9A1E7A4F7556}") = "Middle Node", "Middle Node\Middle Node.csproj", "{89D5BAF8-CB29-459A-9323-CBE91326D6D7}"
EndProject
Project("{9A19103F-16F7-4668-BE54-9A1E7A4F7556}") = "Nth Fibonacci", "Nth Fibonacci\Nth Fibonacci.csproj", "{5548D778-9B56-42C6-8054-0D96A22B5856}"
EndProject
Project("{9A19103F-16F7-4668-BE54-9A1E7A4F7556}") = "Product Sum", "Product Sum\Product Sum.csproj", "{5E0AC36B-350D-4B25-B9E0-3963E9E4F2F7}"
EndProject
Project("{9A19103F-16F7-4668-BE54-9A1E7A4F7556}") = "Binary Search", "Binary Search\Binary Search.csproj", "{54FC672B-CC83-4787-AC04-6E7C431E1C51}"
EndProject
Project("{9A19103F-16F7-4668-BE54-9A1E7A4F7556}") = "Bubble Sort", "Bubble Sort\Bubble Sort.csproj", "{9EE228F9-922C-400D-B87A-FBBA3D4B9959}"
EndProject
Project("{9A19103F-16F7-4668-BE54-9A1E7A4F7556}") = "Insertion Sort", "Insertion Sort\Insertion Sort.csproj", "{083E92AD-C0F6-4A97-BFB9-399BE9F1D220}"
EndProject
Project("{9A19103F-16F7-4668-BE54-9A1E7A4F7556}") = "Selection Sort", "Selection Sort\Selection Sort.csproj", "{337576A0-BC5B-4CC0-8550-DFF625F4E443}"
EndProject
Project("{9A19103F-16F7-4668-BE54-9A1E7A4F7556}") = "Find Three Largest Numbers", "Find Three Largest Numbers\Find Three Largest Numbers.csproj", "{BA5064FB-272F-405E-A457-C7BA1CD40BEB}"
EndProject
Project("{9A19103F-16F7-4668-BE54-9A1E7A4F7556}") = "Find Closest Value In BST", "Find Closest Value In BST\Find Closest Value In BST.csproj", "{D4E5227D-AADE-4553-8116-55B5648055C8}"
EndProject
Project("{9A19103F-16F7-4668-BE54-9A1E7A4F7556}") = "Branch Sums", "Branch Sums\Branch Sums.csproj", "{7DAAB984-33D2-4029-AADA-8D9B84D52E18}"
EndProject
Project("{9A19103F-16F7-4668-BE54-9A1E7A4F7556}") = "Node Depths", "Node Depths\Node Depths.csproj", "{E9030245-79C4-4629-AAA7-D66788679ED0}"
EndProject
Project("{9A19103F-16F7-4668-BE54-9A1E7A4F7556}") = "Evaluate Expression Tree", "Evaluate Expression Tree\Evaluate Expression Tree.csproj", "{04D237A8-B075-4B26-9D66-9E57E38A7686}"
EndProject
Project("{9A19103F-16F7-4668-BE54-9A1E7A4F7556}") = "Minimum Waiting Time", "Minimum Waiting Time\Minimum Waiting Time.csproj", "{41E0631D-4A83-405B-856A-C6C3776DCF75}"
EndProject
Project("{9A19103F-16F7-4668-BE54-9A1E7A4F7556}") = "Class Photos", "Class Photos\Class Photos.csproj", "{4978F705-ED58-4A8B-9A5A-5A1586D1F351}"
EndProject
Project("{9A19103F-16F7-4668-BE54-9A1E7A4F7556}") = "Tandem Bicycle", "Tandem Bicycle\Tandem Bicycle.csproj", "{35263CB4-0E6D-406B-AB8F-4F0FFEF3C8C5}"
EndProject
Project("{9A19103F-16F7-4668-BE54-9A1E7A4F7556}") = "Optimal Freelancing", "Optimal Freelancing\Optimal Freelancing.csproj", "{3B0BD7BD-FFB8-4656-89BB-D2DAFF2E3DEC}"
EndProject
Project("{9A19103F-16F7-4668-BE54-9A1E7A4F7556}") = "Depth-first Search", "Depth-first Search\Depth-first Search.csproj", "{4554DAA3-68C4-45A6-B808-AF715C80EA95}"
EndProject
Project("{9A19103F-16F7-4668-BE54-9A1E7A4F7556}") = "Breadth-first Search", "Breadth-first Search\Breadth-first Search.csproj", "{2CA2F77B-9F9C-4B96-ADAF-41B675218DDF}"
EndProject
Project("{9A19103F-16F7-4668-BE54-9A1E7A4F7556}") = "Merge Sort", "Merge Sort\Merge Sort.csproj", "{07462100-2554-4B72-91D8-92345CF83160}"
EndProject
Project("{9A19103F-16F7-4668-BE54-9A1E7A4F7556}") = "Quick Sort", "Quick Sort\Quick Sort.csproj", "{FDDF1E49-4550-43B1-B2AC-E0AE4B745E04}"
EndProject
Project("{9A19103F-16F7-4668-BE54-9A1E7A4F7556}") = "Three Number Sum", "Three Number Sum\Three Number Sum.csproj", "{33B22E2A-EDD8-47FC-A803-217DD20AAB9D}"
EndProject
Project("{9A19103F-16F7-4668-BE54-9A1E7A4F7556}") = "Smallest Difference", "Smallest Difference\Smallest Difference.csproj", "{CE9DE14A-0355-4C12-A240-DF258708D7E4}"
EndProject
Project("{9A19103F-16F7-4668-BE54-9A1E7A4F7556}") = "Move Element To End", "Move Element To End\Move Element To End.csproj", "{CDD3CB89-92D0-443D-8532-E38B1DEBE5C8}"
EndProject
Project("{9A19103F-16F7-4668-BE54-9A1E7A4F7556}") = "Three Number Sort", "Three Number Sort\Three Number Sort.csproj", "{1831238B-50C4-4A30-8927-82A276491576}"
EndProject
Project("{9A19103F-16F7-4668-BE54-9A1E7A4F7556}") = "Monotonic Array", "Monotonic Array\Monotonic Array.csproj", "{CB2EC0CA-3168-4B48-9439-2A6C994DDD48}"
EndProject
Project("{9A19103F-16F7-4668-BE54-9A1E7A4F7556}") = "Spiral Traverse", "Spiral Traverse\Spiral Traverse.csproj", "{513CB48A-5BF0-4667-B0D2-1855AB8ECC6B}"
EndProject
Project("{9A19103F-16F7-4668-BE54-9A1E7A4F7556}") = "Longest Peak", "longest Peak\Longest Peak.csproj", "{460E6608-44F6-49CA-9330-5DC9D4664263}"
EndProject
Project("{9A19103F-16F7-4668-BE54-9A1E7A4F7556}") = "Array Of Products", "Array Of Products\Array Of Products.csproj", "{841C47A8-53A6-4523-9F44-6350AA6A8F66}"
EndProject
Project("{9A19103F-16F7-4668-BE54-9A1E7A4F7556}") = "First Duplicate Value", "First Duplicate Value\First Duplicate Value.csproj", "{8796063F-8E71-4765-B41A-3B24B21EBDB3}"
EndProject
Project("{9A19103F-16F7-4668-BE54-9A1E7A4F7556}") = "Merge Overlapping Intervals", "Merge Overlapping Intervals\Merge Overlapping Intervals.csproj", "{11354B4F-A089-47D8-8330-8250294A45C9}"
EndProject
Project("{9A19103F-16F7-4668-BE54-9A1E7A4F7556}") = "Beat Seat", "Beat Seat\Beat Seat.csproj", "{D1011F6A-C723-466C-B736-2E3D3183A126}"
EndProject
Project("{9A19103F-16F7-4668-BE54-9A1E7A4F7556}") = "Zero Sum Subarray", "Zero Sum Subarray\Zero Sum Subarray.csproj", "{48A55E60-1E8C-45E2-A156-11AA0A98297A}"
EndProject
Project("{9A19103F-16F7-4668-BE54-9A1E7A4F7556}") = "Missing Numbers", "Missing Numbers\Missing Numbers.csproj", "{A56D1566-8AEA-440B-BBD5-A319D9CC2766}"
EndProject
Project("{9A19103F-16F7-4668-BE54-9A1E7A4F7556}") = "Majority Element", "Majority Element\Majority Element.csproj", "{100D74DD-4A07-4623-95D6-1CFC7ACF4F8F}"
EndProject
Project("{9A19103F-16F7-4668-BE54-9A1E7A4F7556}") = "Sweet And Savory", "Sweet And Savory\Sweet And Savory.csproj", "{18133277-892D-4E94-B9A0-E9B9B5B39BAA}"
EndProject
Project("{9A19103F-16F7-4668-BE54-9A1E7A4F7556}") = "Longest Palindromic Substring", "Longest Palindromic Substring\Longest Palindromic Substring.csproj", "{949D519F-6E0B-42DB-9727-CCB215DA4E6C}"
EndProject
Project("{9A19103F-16F7-4668-BE54-9A1E7A4F7556}") = "Group Anagrams", "Group Anagrams\Group Anagrams.csproj", "{F3065973-E75C-43B5-983E-41B53AF191A2}"
EndProject
Project("{9A19103F-16F7-4668-BE54-9A1E7A4F7556}") = "Valid IP Addresses", "Valid IP Addresses\Valid IP Addresses.csproj", "{39D733D2-26A9-4572-A83E-DA815F213659}"
EndProject
Project("{9A19103F-16F7-4668-BE54-9A1E7A4F7556}") = "Reverse Words In String", "Reverse Words In String\Reverse Words In String.csproj", "{3C6A594E-6AAE-43CE-9072-74DCB3C7AE73}"
EndProject
Project("{9A19103F-16F7-4668-BE54-9A1E7A4F7556}") = "Minimum Characters For Words", "Minimum Characters For Words\Minimum Characters For Words.csproj", "{6A005880-547B-4D8A-A139-8F8289474AC6}"
EndProject
Project("{9A19103F-16F7-4668-BE54-9A1E7A4F7556}") = "One Edit", "One Edit\One Edit.csproj", "{6A2E3B95-C09C-45A0-8252-DF46F1FE7594}"
EndProject
Project("{FAE04EC0-301F-11D3-BF4B-00C04F79EFBC}") = "Search In Sorted Matrix", "Search In Sorted Matrix\Search In Sorted Matrix.csproj", "{FB12B54C-C9C8-4E3A-86D0-2DD9C8B26E86}"
EndProject
Project("{FAE04EC0-301F-11D3-BF4B-00C04F79EFBC}") = "Permutations", "Permutations\Permutations.csproj", "{69514DFF-2413-443A-AC82-1141E46CFA9B}"
EndProject
Global
	GlobalSection(SolutionConfigurationPlatforms) = preSolution
		Debug|Any CPU = Debug|Any CPU
		Release|Any CPU = Release|Any CPU
	EndGlobalSection
	GlobalSection(ProjectConfigurationPlatforms) = postSolution
		{98676697-313D-44B3-88DE-8E5E5D38F3B1}.Debug|Any CPU.ActiveCfg = Debug|Any CPU
		{98676697-313D-44B3-88DE-8E5E5D38F3B1}.Debug|Any CPU.Build.0 = Debug|Any CPU
		{98676697-313D-44B3-88DE-8E5E5D38F3B1}.Release|Any CPU.ActiveCfg = Release|Any CPU
		{98676697-313D-44B3-88DE-8E5E5D38F3B1}.Release|Any CPU.Build.0 = Release|Any CPU
		{6EC51007-047E-471B-B493-387135C3ECF5}.Debug|Any CPU.ActiveCfg = Debug|Any CPU
		{6EC51007-047E-471B-B493-387135C3ECF5}.Debug|Any CPU.Build.0 = Debug|Any CPU
		{6EC51007-047E-471B-B493-387135C3ECF5}.Release|Any CPU.ActiveCfg = Release|Any CPU
		{6EC51007-047E-471B-B493-387135C3ECF5}.Release|Any CPU.Build.0 = Release|Any CPU
		{7B6B66F7-3477-451B-ABA7-C7E1B97B3C92}.Debug|Any CPU.ActiveCfg = Debug|Any CPU
		{7B6B66F7-3477-451B-ABA7-C7E1B97B3C92}.Debug|Any CPU.Build.0 = Debug|Any CPU
		{7B6B66F7-3477-451B-ABA7-C7E1B97B3C92}.Release|Any CPU.ActiveCfg = Release|Any CPU
		{7B6B66F7-3477-451B-ABA7-C7E1B97B3C92}.Release|Any CPU.Build.0 = Release|Any CPU
		{746EA16B-D6BA-43B1-A063-F998B420B9CF}.Debug|Any CPU.ActiveCfg = Debug|Any CPU
		{746EA16B-D6BA-43B1-A063-F998B420B9CF}.Debug|Any CPU.Build.0 = Debug|Any CPU
		{746EA16B-D6BA-43B1-A063-F998B420B9CF}.Release|Any CPU.ActiveCfg = Release|Any CPU
		{746EA16B-D6BA-43B1-A063-F998B420B9CF}.Release|Any CPU.Build.0 = Release|Any CPU
		{641CA455-8580-4E64-A802-688FDDED7083}.Debug|Any CPU.ActiveCfg = Debug|Any CPU
		{641CA455-8580-4E64-A802-688FDDED7083}.Debug|Any CPU.Build.0 = Debug|Any CPU
		{641CA455-8580-4E64-A802-688FDDED7083}.Release|Any CPU.ActiveCfg = Release|Any CPU
		{641CA455-8580-4E64-A802-688FDDED7083}.Release|Any CPU.Build.0 = Release|Any CPU
		{7D988C6C-6952-4A04-9729-4CBEDD249455}.Debug|Any CPU.ActiveCfg = Debug|Any CPU
		{7D988C6C-6952-4A04-9729-4CBEDD249455}.Debug|Any CPU.Build.0 = Debug|Any CPU
		{7D988C6C-6952-4A04-9729-4CBEDD249455}.Release|Any CPU.ActiveCfg = Release|Any CPU
		{7D988C6C-6952-4A04-9729-4CBEDD249455}.Release|Any CPU.Build.0 = Release|Any CPU
		{E74D8FE4-628C-45CF-A294-B0E801D82DD9}.Debug|Any CPU.ActiveCfg = Debug|Any CPU
		{E74D8FE4-628C-45CF-A294-B0E801D82DD9}.Debug|Any CPU.Build.0 = Debug|Any CPU
		{E74D8FE4-628C-45CF-A294-B0E801D82DD9}.Release|Any CPU.ActiveCfg = Release|Any CPU
		{E74D8FE4-628C-45CF-A294-B0E801D82DD9}.Release|Any CPU.Build.0 = Release|Any CPU
		{AC00B2E9-0DF5-4122-8225-EF26A468721F}.Debug|Any CPU.ActiveCfg = Debug|Any CPU
		{AC00B2E9-0DF5-4122-8225-EF26A468721F}.Debug|Any CPU.Build.0 = Debug|Any CPU
		{AC00B2E9-0DF5-4122-8225-EF26A468721F}.Release|Any CPU.ActiveCfg = Release|Any CPU
		{AC00B2E9-0DF5-4122-8225-EF26A468721F}.Release|Any CPU.Build.0 = Release|Any CPU
		{FF10F563-E4FB-4F31-8249-827D70A3474B}.Debug|Any CPU.ActiveCfg = Debug|Any CPU
		{FF10F563-E4FB-4F31-8249-827D70A3474B}.Debug|Any CPU.Build.0 = Debug|Any CPU
		{FF10F563-E4FB-4F31-8249-827D70A3474B}.Release|Any CPU.ActiveCfg = Release|Any CPU
		{FF10F563-E4FB-4F31-8249-827D70A3474B}.Release|Any CPU.Build.0 = Release|Any CPU
		{6A7C89EC-77FB-4A86-AD9B-33B04C015351}.Debug|Any CPU.ActiveCfg = Debug|Any CPU
		{6A7C89EC-77FB-4A86-AD9B-33B04C015351}.Debug|Any CPU.Build.0 = Debug|Any CPU
		{6A7C89EC-77FB-4A86-AD9B-33B04C015351}.Release|Any CPU.ActiveCfg = Release|Any CPU
		{6A7C89EC-77FB-4A86-AD9B-33B04C015351}.Release|Any CPU.Build.0 = Release|Any CPU
		{6568C198-BF08-4729-9963-9645E299E7F9}.Debug|Any CPU.ActiveCfg = Debug|Any CPU
		{6568C198-BF08-4729-9963-9645E299E7F9}.Debug|Any CPU.Build.0 = Debug|Any CPU
		{6568C198-BF08-4729-9963-9645E299E7F9}.Release|Any CPU.ActiveCfg = Release|Any CPU
		{6568C198-BF08-4729-9963-9645E299E7F9}.Release|Any CPU.Build.0 = Release|Any CPU
		{19992BF4-9FAC-48DC-B6D8-34AB650B1D55}.Debug|Any CPU.ActiveCfg = Debug|Any CPU
		{19992BF4-9FAC-48DC-B6D8-34AB650B1D55}.Debug|Any CPU.Build.0 = Debug|Any CPU
		{19992BF4-9FAC-48DC-B6D8-34AB650B1D55}.Release|Any CPU.ActiveCfg = Release|Any CPU
		{19992BF4-9FAC-48DC-B6D8-34AB650B1D55}.Release|Any CPU.Build.0 = Release|Any CPU
		{5BF3A548-C0FC-427E-8553-500F915BAF45}.Debug|Any CPU.ActiveCfg = Debug|Any CPU
		{5BF3A548-C0FC-427E-8553-500F915BAF45}.Debug|Any CPU.Build.0 = Debug|Any CPU
		{5BF3A548-C0FC-427E-8553-500F915BAF45}.Release|Any CPU.ActiveCfg = Release|Any CPU
		{5BF3A548-C0FC-427E-8553-500F915BAF45}.Release|Any CPU.Build.0 = Release|Any CPU
		{D8AE6368-0B59-4707-A290-6ADC078F19A1}.Debug|Any CPU.ActiveCfg = Debug|Any CPU
		{D8AE6368-0B59-4707-A290-6ADC078F19A1}.Debug|Any CPU.Build.0 = Debug|Any CPU
		{D8AE6368-0B59-4707-A290-6ADC078F19A1}.Release|Any CPU.ActiveCfg = Release|Any CPU
		{D8AE6368-0B59-4707-A290-6ADC078F19A1}.Release|Any CPU.Build.0 = Release|Any CPU
		{89D5BAF8-CB29-459A-9323-CBE91326D6D7}.Debug|Any CPU.ActiveCfg = Debug|Any CPU
		{89D5BAF8-CB29-459A-9323-CBE91326D6D7}.Debug|Any CPU.Build.0 = Debug|Any CPU
		{89D5BAF8-CB29-459A-9323-CBE91326D6D7}.Release|Any CPU.ActiveCfg = Release|Any CPU
		{89D5BAF8-CB29-459A-9323-CBE91326D6D7}.Release|Any CPU.Build.0 = Release|Any CPU
		{5548D778-9B56-42C6-8054-0D96A22B5856}.Debug|Any CPU.ActiveCfg = Debug|Any CPU
		{5548D778-9B56-42C6-8054-0D96A22B5856}.Debug|Any CPU.Build.0 = Debug|Any CPU
		{5548D778-9B56-42C6-8054-0D96A22B5856}.Release|Any CPU.ActiveCfg = Release|Any CPU
		{5548D778-9B56-42C6-8054-0D96A22B5856}.Release|Any CPU.Build.0 = Release|Any CPU
		{5E0AC36B-350D-4B25-B9E0-3963E9E4F2F7}.Debug|Any CPU.ActiveCfg = Debug|Any CPU
		{5E0AC36B-350D-4B25-B9E0-3963E9E4F2F7}.Debug|Any CPU.Build.0 = Debug|Any CPU
		{5E0AC36B-350D-4B25-B9E0-3963E9E4F2F7}.Release|Any CPU.ActiveCfg = Release|Any CPU
		{5E0AC36B-350D-4B25-B9E0-3963E9E4F2F7}.Release|Any CPU.Build.0 = Release|Any CPU
		{54FC672B-CC83-4787-AC04-6E7C431E1C51}.Debug|Any CPU.ActiveCfg = Debug|Any CPU
		{54FC672B-CC83-4787-AC04-6E7C431E1C51}.Debug|Any CPU.Build.0 = Debug|Any CPU
		{54FC672B-CC83-4787-AC04-6E7C431E1C51}.Release|Any CPU.ActiveCfg = Release|Any CPU
		{54FC672B-CC83-4787-AC04-6E7C431E1C51}.Release|Any CPU.Build.0 = Release|Any CPU
		{9EE228F9-922C-400D-B87A-FBBA3D4B9959}.Debug|Any CPU.ActiveCfg = Debug|Any CPU
		{9EE228F9-922C-400D-B87A-FBBA3D4B9959}.Debug|Any CPU.Build.0 = Debug|Any CPU
		{9EE228F9-922C-400D-B87A-FBBA3D4B9959}.Release|Any CPU.ActiveCfg = Release|Any CPU
		{9EE228F9-922C-400D-B87A-FBBA3D4B9959}.Release|Any CPU.Build.0 = Release|Any CPU
		{083E92AD-C0F6-4A97-BFB9-399BE9F1D220}.Debug|Any CPU.ActiveCfg = Debug|Any CPU
		{083E92AD-C0F6-4A97-BFB9-399BE9F1D220}.Debug|Any CPU.Build.0 = Debug|Any CPU
		{083E92AD-C0F6-4A97-BFB9-399BE9F1D220}.Release|Any CPU.ActiveCfg = Release|Any CPU
		{083E92AD-C0F6-4A97-BFB9-399BE9F1D220}.Release|Any CPU.Build.0 = Release|Any CPU
		{337576A0-BC5B-4CC0-8550-DFF625F4E443}.Debug|Any CPU.ActiveCfg = Debug|Any CPU
		{337576A0-BC5B-4CC0-8550-DFF625F4E443}.Debug|Any CPU.Build.0 = Debug|Any CPU
		{337576A0-BC5B-4CC0-8550-DFF625F4E443}.Release|Any CPU.ActiveCfg = Release|Any CPU
		{337576A0-BC5B-4CC0-8550-DFF625F4E443}.Release|Any CPU.Build.0 = Release|Any CPU
		{BA5064FB-272F-405E-A457-C7BA1CD40BEB}.Debug|Any CPU.ActiveCfg = Debug|Any CPU
		{BA5064FB-272F-405E-A457-C7BA1CD40BEB}.Debug|Any CPU.Build.0 = Debug|Any CPU
		{BA5064FB-272F-405E-A457-C7BA1CD40BEB}.Release|Any CPU.ActiveCfg = Release|Any CPU
		{BA5064FB-272F-405E-A457-C7BA1CD40BEB}.Release|Any CPU.Build.0 = Release|Any CPU
		{D4E5227D-AADE-4553-8116-55B5648055C8}.Debug|Any CPU.ActiveCfg = Debug|Any CPU
		{D4E5227D-AADE-4553-8116-55B5648055C8}.Debug|Any CPU.Build.0 = Debug|Any CPU
		{D4E5227D-AADE-4553-8116-55B5648055C8}.Release|Any CPU.ActiveCfg = Release|Any CPU
		{D4E5227D-AADE-4553-8116-55B5648055C8}.Release|Any CPU.Build.0 = Release|Any CPU
		{7DAAB984-33D2-4029-AADA-8D9B84D52E18}.Debug|Any CPU.ActiveCfg = Debug|Any CPU
		{7DAAB984-33D2-4029-AADA-8D9B84D52E18}.Debug|Any CPU.Build.0 = Debug|Any CPU
		{7DAAB984-33D2-4029-AADA-8D9B84D52E18}.Release|Any CPU.ActiveCfg = Release|Any CPU
		{7DAAB984-33D2-4029-AADA-8D9B84D52E18}.Release|Any CPU.Build.0 = Release|Any CPU
		{E9030245-79C4-4629-AAA7-D66788679ED0}.Debug|Any CPU.ActiveCfg = Debug|Any CPU
		{E9030245-79C4-4629-AAA7-D66788679ED0}.Debug|Any CPU.Build.0 = Debug|Any CPU
		{E9030245-79C4-4629-AAA7-D66788679ED0}.Release|Any CPU.ActiveCfg = Release|Any CPU
		{E9030245-79C4-4629-AAA7-D66788679ED0}.Release|Any CPU.Build.0 = Release|Any CPU
		{04D237A8-B075-4B26-9D66-9E57E38A7686}.Debug|Any CPU.ActiveCfg = Debug|Any CPU
		{04D237A8-B075-4B26-9D66-9E57E38A7686}.Debug|Any CPU.Build.0 = Debug|Any CPU
		{04D237A8-B075-4B26-9D66-9E57E38A7686}.Release|Any CPU.ActiveCfg = Release|Any CPU
		{04D237A8-B075-4B26-9D66-9E57E38A7686}.Release|Any CPU.Build.0 = Release|Any CPU
		{41E0631D-4A83-405B-856A-C6C3776DCF75}.Debug|Any CPU.ActiveCfg = Debug|Any CPU
		{41E0631D-4A83-405B-856A-C6C3776DCF75}.Debug|Any CPU.Build.0 = Debug|Any CPU
		{41E0631D-4A83-405B-856A-C6C3776DCF75}.Release|Any CPU.ActiveCfg = Release|Any CPU
		{41E0631D-4A83-405B-856A-C6C3776DCF75}.Release|Any CPU.Build.0 = Release|Any CPU
		{4978F705-ED58-4A8B-9A5A-5A1586D1F351}.Debug|Any CPU.ActiveCfg = Debug|Any CPU
		{4978F705-ED58-4A8B-9A5A-5A1586D1F351}.Debug|Any CPU.Build.0 = Debug|Any CPU
		{4978F705-ED58-4A8B-9A5A-5A1586D1F351}.Release|Any CPU.ActiveCfg = Release|Any CPU
		{4978F705-ED58-4A8B-9A5A-5A1586D1F351}.Release|Any CPU.Build.0 = Release|Any CPU
		{35263CB4-0E6D-406B-AB8F-4F0FFEF3C8C5}.Debug|Any CPU.ActiveCfg = Debug|Any CPU
		{35263CB4-0E6D-406B-AB8F-4F0FFEF3C8C5}.Debug|Any CPU.Build.0 = Debug|Any CPU
		{35263CB4-0E6D-406B-AB8F-4F0FFEF3C8C5}.Release|Any CPU.ActiveCfg = Release|Any CPU
		{35263CB4-0E6D-406B-AB8F-4F0FFEF3C8C5}.Release|Any CPU.Build.0 = Release|Any CPU
		{3B0BD7BD-FFB8-4656-89BB-D2DAFF2E3DEC}.Debug|Any CPU.ActiveCfg = Debug|Any CPU
		{3B0BD7BD-FFB8-4656-89BB-D2DAFF2E3DEC}.Debug|Any CPU.Build.0 = Debug|Any CPU
		{3B0BD7BD-FFB8-4656-89BB-D2DAFF2E3DEC}.Release|Any CPU.ActiveCfg = Release|Any CPU
		{3B0BD7BD-FFB8-4656-89BB-D2DAFF2E3DEC}.Release|Any CPU.Build.0 = Release|Any CPU
		{4554DAA3-68C4-45A6-B808-AF715C80EA95}.Debug|Any CPU.ActiveCfg = Debug|Any CPU
		{4554DAA3-68C4-45A6-B808-AF715C80EA95}.Debug|Any CPU.Build.0 = Debug|Any CPU
		{4554DAA3-68C4-45A6-B808-AF715C80EA95}.Release|Any CPU.ActiveCfg = Release|Any CPU
		{4554DAA3-68C4-45A6-B808-AF715C80EA95}.Release|Any CPU.Build.0 = Release|Any CPU
		{2CA2F77B-9F9C-4B96-ADAF-41B675218DDF}.Debug|Any CPU.ActiveCfg = Debug|Any CPU
		{2CA2F77B-9F9C-4B96-ADAF-41B675218DDF}.Debug|Any CPU.Build.0 = Debug|Any CPU
		{2CA2F77B-9F9C-4B96-ADAF-41B675218DDF}.Release|Any CPU.ActiveCfg = Release|Any CPU
		{2CA2F77B-9F9C-4B96-ADAF-41B675218DDF}.Release|Any CPU.Build.0 = Release|Any CPU
		{07462100-2554-4B72-91D8-92345CF83160}.Debug|Any CPU.ActiveCfg = Debug|Any CPU
		{07462100-2554-4B72-91D8-92345CF83160}.Debug|Any CPU.Build.0 = Debug|Any CPU
		{07462100-2554-4B72-91D8-92345CF83160}.Release|Any CPU.ActiveCfg = Release|Any CPU
		{07462100-2554-4B72-91D8-92345CF83160}.Release|Any CPU.Build.0 = Release|Any CPU
		{FDDF1E49-4550-43B1-B2AC-E0AE4B745E04}.Debug|Any CPU.ActiveCfg = Debug|Any CPU
		{FDDF1E49-4550-43B1-B2AC-E0AE4B745E04}.Debug|Any CPU.Build.0 = Debug|Any CPU
		{FDDF1E49-4550-43B1-B2AC-E0AE4B745E04}.Release|Any CPU.ActiveCfg = Release|Any CPU
		{FDDF1E49-4550-43B1-B2AC-E0AE4B745E04}.Release|Any CPU.Build.0 = Release|Any CPU
		{33B22E2A-EDD8-47FC-A803-217DD20AAB9D}.Debug|Any CPU.ActiveCfg = Debug|Any CPU
		{33B22E2A-EDD8-47FC-A803-217DD20AAB9D}.Debug|Any CPU.Build.0 = Debug|Any CPU
		{33B22E2A-EDD8-47FC-A803-217DD20AAB9D}.Release|Any CPU.ActiveCfg = Release|Any CPU
		{33B22E2A-EDD8-47FC-A803-217DD20AAB9D}.Release|Any CPU.Build.0 = Release|Any CPU
		{CE9DE14A-0355-4C12-A240-DF258708D7E4}.Debug|Any CPU.ActiveCfg = Debug|Any CPU
		{CE9DE14A-0355-4C12-A240-DF258708D7E4}.Debug|Any CPU.Build.0 = Debug|Any CPU
		{CE9DE14A-0355-4C12-A240-DF258708D7E4}.Release|Any CPU.ActiveCfg = Release|Any CPU
		{CE9DE14A-0355-4C12-A240-DF258708D7E4}.Release|Any CPU.Build.0 = Release|Any CPU
		{CDD3CB89-92D0-443D-8532-E38B1DEBE5C8}.Debug|Any CPU.ActiveCfg = Debug|Any CPU
		{CDD3CB89-92D0-443D-8532-E38B1DEBE5C8}.Debug|Any CPU.Build.0 = Debug|Any CPU
		{CDD3CB89-92D0-443D-8532-E38B1DEBE5C8}.Release|Any CPU.ActiveCfg = Release|Any CPU
		{CDD3CB89-92D0-443D-8532-E38B1DEBE5C8}.Release|Any CPU.Build.0 = Release|Any CPU
		{1831238B-50C4-4A30-8927-82A276491576}.Debug|Any CPU.ActiveCfg = Debug|Any CPU
		{1831238B-50C4-4A30-8927-82A276491576}.Debug|Any CPU.Build.0 = Debug|Any CPU
		{1831238B-50C4-4A30-8927-82A276491576}.Release|Any CPU.ActiveCfg = Release|Any CPU
		{1831238B-50C4-4A30-8927-82A276491576}.Release|Any CPU.Build.0 = Release|Any CPU
		{CB2EC0CA-3168-4B48-9439-2A6C994DDD48}.Debug|Any CPU.ActiveCfg = Debug|Any CPU
		{CB2EC0CA-3168-4B48-9439-2A6C994DDD48}.Debug|Any CPU.Build.0 = Debug|Any CPU
		{CB2EC0CA-3168-4B48-9439-2A6C994DDD48}.Release|Any CPU.ActiveCfg = Release|Any CPU
		{CB2EC0CA-3168-4B48-9439-2A6C994DDD48}.Release|Any CPU.Build.0 = Release|Any CPU
		{513CB48A-5BF0-4667-B0D2-1855AB8ECC6B}.Debug|Any CPU.ActiveCfg = Debug|Any CPU
		{513CB48A-5BF0-4667-B0D2-1855AB8ECC6B}.Debug|Any CPU.Build.0 = Debug|Any CPU
		{513CB48A-5BF0-4667-B0D2-1855AB8ECC6B}.Release|Any CPU.ActiveCfg = Release|Any CPU
		{513CB48A-5BF0-4667-B0D2-1855AB8ECC6B}.Release|Any CPU.Build.0 = Release|Any CPU
		{460E6608-44F6-49CA-9330-5DC9D4664263}.Debug|Any CPU.ActiveCfg = Debug|Any CPU
		{460E6608-44F6-49CA-9330-5DC9D4664263}.Debug|Any CPU.Build.0 = Debug|Any CPU
		{460E6608-44F6-49CA-9330-5DC9D4664263}.Release|Any CPU.ActiveCfg = Release|Any CPU
		{460E6608-44F6-49CA-9330-5DC9D4664263}.Release|Any CPU.Build.0 = Release|Any CPU
		{841C47A8-53A6-4523-9F44-6350AA6A8F66}.Debug|Any CPU.ActiveCfg = Debug|Any CPU
		{841C47A8-53A6-4523-9F44-6350AA6A8F66}.Debug|Any CPU.Build.0 = Debug|Any CPU
		{841C47A8-53A6-4523-9F44-6350AA6A8F66}.Release|Any CPU.ActiveCfg = Release|Any CPU
		{841C47A8-53A6-4523-9F44-6350AA6A8F66}.Release|Any CPU.Build.0 = Release|Any CPU
		{8796063F-8E71-4765-B41A-3B24B21EBDB3}.Debug|Any CPU.ActiveCfg = Debug|Any CPU
		{8796063F-8E71-4765-B41A-3B24B21EBDB3}.Debug|Any CPU.Build.0 = Debug|Any CPU
		{8796063F-8E71-4765-B41A-3B24B21EBDB3}.Release|Any CPU.ActiveCfg = Release|Any CPU
		{8796063F-8E71-4765-B41A-3B24B21EBDB3}.Release|Any CPU.Build.0 = Release|Any CPU
		{11354B4F-A089-47D8-8330-8250294A45C9}.Debug|Any CPU.ActiveCfg = Debug|Any CPU
		{11354B4F-A089-47D8-8330-8250294A45C9}.Debug|Any CPU.Build.0 = Debug|Any CPU
		{11354B4F-A089-47D8-8330-8250294A45C9}.Release|Any CPU.ActiveCfg = Release|Any CPU
		{11354B4F-A089-47D8-8330-8250294A45C9}.Release|Any CPU.Build.0 = Release|Any CPU
		{D1011F6A-C723-466C-B736-2E3D3183A126}.Debug|Any CPU.ActiveCfg = Debug|Any CPU
		{D1011F6A-C723-466C-B736-2E3D3183A126}.Debug|Any CPU.Build.0 = Debug|Any CPU
		{D1011F6A-C723-466C-B736-2E3D3183A126}.Release|Any CPU.ActiveCfg = Release|Any CPU
		{D1011F6A-C723-466C-B736-2E3D3183A126}.Release|Any CPU.Build.0 = Release|Any CPU
		{48A55E60-1E8C-45E2-A156-11AA0A98297A}.Debug|Any CPU.ActiveCfg = Debug|Any CPU
		{48A55E60-1E8C-45E2-A156-11AA0A98297A}.Debug|Any CPU.Build.0 = Debug|Any CPU
		{48A55E60-1E8C-45E2-A156-11AA0A98297A}.Release|Any CPU.ActiveCfg = Release|Any CPU
		{48A55E60-1E8C-45E2-A156-11AA0A98297A}.Release|Any CPU.Build.0 = Release|Any CPU
		{A56D1566-8AEA-440B-BBD5-A319D9CC2766}.Debug|Any CPU.ActiveCfg = Debug|Any CPU
		{A56D1566-8AEA-440B-BBD5-A319D9CC2766}.Debug|Any CPU.Build.0 = Debug|Any CPU
		{A56D1566-8AEA-440B-BBD5-A319D9CC2766}.Release|Any CPU.ActiveCfg = Release|Any CPU
		{A56D1566-8AEA-440B-BBD5-A319D9CC2766}.Release|Any CPU.Build.0 = Release|Any CPU
		{100D74DD-4A07-4623-95D6-1CFC7ACF4F8F}.Debug|Any CPU.ActiveCfg = Debug|Any CPU
		{100D74DD-4A07-4623-95D6-1CFC7ACF4F8F}.Debug|Any CPU.Build.0 = Debug|Any CPU
		{100D74DD-4A07-4623-95D6-1CFC7ACF4F8F}.Release|Any CPU.ActiveCfg = Release|Any CPU
		{100D74DD-4A07-4623-95D6-1CFC7ACF4F8F}.Release|Any CPU.Build.0 = Release|Any CPU
		{18133277-892D-4E94-B9A0-E9B9B5B39BAA}.Debug|Any CPU.ActiveCfg = Debug|Any CPU
		{18133277-892D-4E94-B9A0-E9B9B5B39BAA}.Debug|Any CPU.Build.0 = Debug|Any CPU
		{18133277-892D-4E94-B9A0-E9B9B5B39BAA}.Release|Any CPU.ActiveCfg = Release|Any CPU
		{18133277-892D-4E94-B9A0-E9B9B5B39BAA}.Release|Any CPU.Build.0 = Release|Any CPU
		{949D519F-6E0B-42DB-9727-CCB215DA4E6C}.Debug|Any CPU.ActiveCfg = Debug|Any CPU
		{949D519F-6E0B-42DB-9727-CCB215DA4E6C}.Debug|Any CPU.Build.0 = Debug|Any CPU
		{949D519F-6E0B-42DB-9727-CCB215DA4E6C}.Release|Any CPU.ActiveCfg = Release|Any CPU
		{949D519F-6E0B-42DB-9727-CCB215DA4E6C}.Release|Any CPU.Build.0 = Release|Any CPU
		{F3065973-E75C-43B5-983E-41B53AF191A2}.Debug|Any CPU.ActiveCfg = Debug|Any CPU
		{F3065973-E75C-43B5-983E-41B53AF191A2}.Debug|Any CPU.Build.0 = Debug|Any CPU
		{F3065973-E75C-43B5-983E-41B53AF191A2}.Release|Any CPU.ActiveCfg = Release|Any CPU
		{F3065973-E75C-43B5-983E-41B53AF191A2}.Release|Any CPU.Build.0 = Release|Any CPU
		{39D733D2-26A9-4572-A83E-DA815F213659}.Debug|Any CPU.ActiveCfg = Debug|Any CPU
		{39D733D2-26A9-4572-A83E-DA815F213659}.Debug|Any CPU.Build.0 = Debug|Any CPU
		{39D733D2-26A9-4572-A83E-DA815F213659}.Release|Any CPU.ActiveCfg = Release|Any CPU
		{39D733D2-26A9-4572-A83E-DA815F213659}.Release|Any CPU.Build.0 = Release|Any CPU
		{3C6A594E-6AAE-43CE-9072-74DCB3C7AE73}.Debug|Any CPU.ActiveCfg = Debug|Any CPU
		{3C6A594E-6AAE-43CE-9072-74DCB3C7AE73}.Debug|Any CPU.Build.0 = Debug|Any CPU
		{3C6A594E-6AAE-43CE-9072-74DCB3C7AE73}.Release|Any CPU.ActiveCfg = Release|Any CPU
		{3C6A594E-6AAE-43CE-9072-74DCB3C7AE73}.Release|Any CPU.Build.0 = Release|Any CPU
		{6A005880-547B-4D8A-A139-8F8289474AC6}.Debug|Any CPU.ActiveCfg = Debug|Any CPU
		{6A005880-547B-4D8A-A139-8F8289474AC6}.Debug|Any CPU.Build.0 = Debug|Any CPU
		{6A005880-547B-4D8A-A139-8F8289474AC6}.Release|Any CPU.ActiveCfg = Release|Any CPU
		{6A005880-547B-4D8A-A139-8F8289474AC6}.Release|Any CPU.Build.0 = Release|Any CPU
		{6A2E3B95-C09C-45A0-8252-DF46F1FE7594}.Debug|Any CPU.ActiveCfg = Debug|Any CPU
		{6A2E3B95-C09C-45A0-8252-DF46F1FE7594}.Debug|Any CPU.Build.0 = Debug|Any CPU
		{6A2E3B95-C09C-45A0-8252-DF46F1FE7594}.Release|Any CPU.ActiveCfg = Release|Any CPU
		{6A2E3B95-C09C-45A0-8252-DF46F1FE7594}.Release|Any CPU.Build.0 = Release|Any CPU
		{FB12B54C-C9C8-4E3A-86D0-2DD9C8B26E86}.Debug|Any CPU.ActiveCfg = Debug|Any CPU
		{FB12B54C-C9C8-4E3A-86D0-2DD9C8B26E86}.Debug|Any CPU.Build.0 = Debug|Any CPU
		{FB12B54C-C9C8-4E3A-86D0-2DD9C8B26E86}.Release|Any CPU.ActiveCfg = Release|Any CPU
		{FB12B54C-C9C8-4E3A-86D0-2DD9C8B26E86}.Release|Any CPU.Build.0 = Release|Any CPU
		{69514DFF-2413-443A-AC82-1141E46CFA9B}.Debug|Any CPU.ActiveCfg = Debug|Any CPU
		{69514DFF-2413-443A-AC82-1141E46CFA9B}.Debug|Any CPU.Build.0 = Debug|Any CPU
		{69514DFF-2413-443A-AC82-1141E46CFA9B}.Release|Any CPU.ActiveCfg = Release|Any CPU
		{69514DFF-2413-443A-AC82-1141E46CFA9B}.Release|Any CPU.Build.0 = Release|Any CPU
	EndGlobalSection
	GlobalSection(SolutionProperties) = preSolution
		HideSolutionNode = FALSE
	EndGlobalSection
	GlobalSection(ExtensibilityGlobals) = postSolution
		SolutionGuid = {848815FE-FE90-488E-8E41-8CCFE7E1BF28}
	EndGlobalSection
EndGlobal
